// !$*UTF8*$!
{
	archiveVersion = 1;
	classes = {
	};
	objectVersion = 50;
	objects = {

/* Begin PBXBuildFile section */
		30A931A225050B0F0098D51D /* AppDelegate.swift in Sources */ = {isa = PBXBuildFile; fileRef = 30A931A125050B0F0098D51D /* AppDelegate.swift */; };
		30A931A425050B0F0098D51D /* SceneDelegate.swift in Sources */ = {isa = PBXBuildFile; fileRef = 30A931A325050B0F0098D51D /* SceneDelegate.swift */; };
		30A931A625050B0F0098D51D /* ListWeathersViewController.swift in Sources */ = {isa = PBXBuildFile; fileRef = 30A931A525050B0F0098D51D /* ListWeathersViewController.swift */; };
		30A931AC25050B0F0098D51D /* CleanWeather.xcdatamodeld in Sources */ = {isa = PBXBuildFile; fileRef = 30A931AA25050B0F0098D51D /* CleanWeather.xcdatamodeld */; };
		30A931AE25050B110098D51D /* Assets.xcassets in Resources */ = {isa = PBXBuildFile; fileRef = 30A931AD25050B110098D51D /* Assets.xcassets */; };
		30A931B125050B110098D51D /* LaunchScreen.storyboard in Resources */ = {isa = PBXBuildFile; fileRef = 30A931AF25050B110098D51D /* LaunchScreen.storyboard */; };
		30A931BB25050E750098D51D /* ListWeathersInteractor.swift in Sources */ = {isa = PBXBuildFile; fileRef = 30A931BA25050E750098D51D /* ListWeathersInteractor.swift */; };
		30A931BD25050EF00098D51D /* Weather.swift in Sources */ = {isa = PBXBuildFile; fileRef = 30A931BC25050EF00098D51D /* Weather.swift */; };
		30A931C02505104B0098D51D /* ListWeathersPresenter.swift in Sources */ = {isa = PBXBuildFile; fileRef = 30A931BF2505104B0098D51D /* ListWeathersPresenter.swift */; };
		30A931C2250511DD0098D51D /* CoreDataWorker.swift in Sources */ = {isa = PBXBuildFile; fileRef = 30A931C1250511DD0098D51D /* CoreDataWorker.swift */; };
		30A931CC250519950098D51D /* ManagedWeather.swift in Sources */ = {isa = PBXBuildFile; fileRef = 30A931CB250519950098D51D /* ManagedWeather.swift */; };
		30A931CE250519AE0098D51D /* ManagedForecast.swift in Sources */ = {isa = PBXBuildFile; fileRef = 30A931CD250519AE0098D51D /* ManagedForecast.swift */; };
		30A931D025051E4F0098D51D /* NetworkWorker.swift in Sources */ = {isa = PBXBuildFile; fileRef = 30A931CF25051E4F0098D51D /* NetworkWorker.swift */; };
		30A931D325051EC80098D51D /* CoreDataManager.swift in Sources */ = {isa = PBXBuildFile; fileRef = 30A931D225051EC80098D51D /* CoreDataManager.swift */; };
		30A931D5250522060098D51D /* APIKeys.plist in Resources */ = {isa = PBXBuildFile; fileRef = 30A931D4250522060098D51D /* APIKeys.plist */; };
		30A931D8250529BF0098D51D /* NetworkManager.swift in Sources */ = {isa = PBXBuildFile; fileRef = 30A931D7250529BF0098D51D /* NetworkManager.swift */; };
		30A931DB25052D070098D51D /* JSONWeatherParser.swift in Sources */ = {isa = PBXBuildFile; fileRef = 30A931DA25052D070098D51D /* JSONWeatherParser.swift */; };
		30A931DD25052DA10098D51D /* ParserProtocol.swift in Sources */ = {isa = PBXBuildFile; fileRef = 30A931DC25052DA10098D51D /* ParserProtocol.swift */; };
		30A931DF250530D40098D51D /* JSONForecastParser.swift in Sources */ = {isa = PBXBuildFile; fileRef = 30A931DE250530D40098D51D /* JSONForecastParser.swift */; };
		30A931E2250533660098D51D /* PlistAccess.swift in Sources */ = {isa = PBXBuildFile; fileRef = 30A931E1250533660098D51D /* PlistAccess.swift */; };
		30A931E42507A9920098D51D /* ListWeathersModels.swift in Sources */ = {isa = PBXBuildFile; fileRef = 30A931E32507A9920098D51D /* ListWeathersModels.swift */; };
		30A931E62507F43A0098D51D /* LocationWorker.swift in Sources */ = {isa = PBXBuildFile; fileRef = 30A931E52507F43A0098D51D /* LocationWorker.swift */; };
		30A931E9250A53CF0098D51D /* WeathersInfoViewController.swift in Sources */ = {isa = PBXBuildFile; fileRef = 30A931E8250A53CF0098D51D /* WeathersInfoViewController.swift */; };
		30A931EB250A53E60098D51D /* WeathersInfoInteractor.swift in Sources */ = {isa = PBXBuildFile; fileRef = 30A931EA250A53E60098D51D /* WeathersInfoInteractor.swift */; };
		30A931ED250A53F90098D51D /* WeathersInfoPresenter.swift in Sources */ = {isa = PBXBuildFile; fileRef = 30A931EC250A53F90098D51D /* WeathersInfoPresenter.swift */; };
		30A931EF250A54C50098D51D /* WeathersInfoModels.swift in Sources */ = {isa = PBXBuildFile; fileRef = 30A931EE250A54C50098D51D /* WeathersInfoModels.swift */; };
		30A931F1250A57470098D51D /* WeathersInfoLocationWorker.swift in Sources */ = {isa = PBXBuildFile; fileRef = 30A931F0250A57470098D51D /* WeathersInfoLocationWorker.swift */; };
		30A931F4250A5E2C0098D51D /* ListWeathersCell.swift in Sources */ = {isa = PBXBuildFile; fileRef = 30A931F3250A5E2C0098D51D /* ListWeathersCell.swift */; };
		30A931F6250A5E510098D51D /* ListWeathersCollectionViewLayout.swift in Sources */ = {isa = PBXBuildFile; fileRef = 30A931F5250A5E510098D51D /* ListWeathersCollectionViewLayout.swift */; };
		30A931FA250A65C90098D51D /* ListWeathersButtonsCell.swift in Sources */ = {isa = PBXBuildFile; fileRef = 30A931F9250A65C90098D51D /* ListWeathersButtonsCell.swift */; };
/* End PBXBuildFile section */

/* Begin PBXFileReference section */
		30A9319E25050B0F0098D51D /* CleanWeather.app */ = {isa = PBXFileReference; explicitFileType = wrapper.application; includeInIndex = 0; path = CleanWeather.app; sourceTree = BUILT_PRODUCTS_DIR; };
		30A931A125050B0F0098D51D /* AppDelegate.swift */ = {isa = PBXFileReference; lastKnownFileType = sourcecode.swift; path = AppDelegate.swift; sourceTree = "<group>"; };
		30A931A325050B0F0098D51D /* SceneDelegate.swift */ = {isa = PBXFileReference; lastKnownFileType = sourcecode.swift; path = SceneDelegate.swift; sourceTree = "<group>"; };
		30A931A525050B0F0098D51D /* ListWeathersViewController.swift */ = {isa = PBXFileReference; lastKnownFileType = sourcecode.swift; path = ListWeathersViewController.swift; sourceTree = "<group>"; };
		30A931AB25050B0F0098D51D /* CleanWeather.xcdatamodel */ = {isa = PBXFileReference; lastKnownFileType = wrapper.xcdatamodel; path = CleanWeather.xcdatamodel; sourceTree = "<group>"; };
		30A931AD25050B110098D51D /* Assets.xcassets */ = {isa = PBXFileReference; lastKnownFileType = folder.assetcatalog; path = Assets.xcassets; sourceTree = "<group>"; };
		30A931B025050B110098D51D /* Base */ = {isa = PBXFileReference; lastKnownFileType = file.storyboard; name = Base; path = Base.lproj/LaunchScreen.storyboard; sourceTree = "<group>"; };
		30A931B225050B110098D51D /* Info.plist */ = {isa = PBXFileReference; lastKnownFileType = text.plist.xml; path = Info.plist; sourceTree = "<group>"; };
		30A931BA25050E750098D51D /* ListWeathersInteractor.swift */ = {isa = PBXFileReference; lastKnownFileType = sourcecode.swift; path = ListWeathersInteractor.swift; sourceTree = "<group>"; };
		30A931BC25050EF00098D51D /* Weather.swift */ = {isa = PBXFileReference; lastKnownFileType = sourcecode.swift; path = Weather.swift; sourceTree = "<group>"; };
		30A931BF2505104B0098D51D /* ListWeathersPresenter.swift */ = {isa = PBXFileReference; lastKnownFileType = sourcecode.swift; path = ListWeathersPresenter.swift; sourceTree = "<group>"; };
		30A931C1250511DD0098D51D /* CoreDataWorker.swift */ = {isa = PBXFileReference; lastKnownFileType = sourcecode.swift; path = CoreDataWorker.swift; sourceTree = "<group>"; };
		30A931CB250519950098D51D /* ManagedWeather.swift */ = {isa = PBXFileReference; lastKnownFileType = sourcecode.swift; path = ManagedWeather.swift; sourceTree = "<group>"; };
		30A931CD250519AE0098D51D /* ManagedForecast.swift */ = {isa = PBXFileReference; lastKnownFileType = sourcecode.swift; path = ManagedForecast.swift; sourceTree = "<group>"; };
		30A931CF25051E4F0098D51D /* NetworkWorker.swift */ = {isa = PBXFileReference; lastKnownFileType = sourcecode.swift; path = NetworkWorker.swift; sourceTree = "<group>"; };
		30A931D225051EC80098D51D /* CoreDataManager.swift */ = {isa = PBXFileReference; lastKnownFileType = sourcecode.swift; path = CoreDataManager.swift; sourceTree = "<group>"; };
		30A931D4250522060098D51D /* APIKeys.plist */ = {isa = PBXFileReference; lastKnownFileType = text.plist.xml; path = APIKeys.plist; sourceTree = "<group>"; };
		30A931D7250529BF0098D51D /* NetworkManager.swift */ = {isa = PBXFileReference; lastKnownFileType = sourcecode.swift; path = NetworkManager.swift; sourceTree = "<group>"; };
		30A931DA25052D070098D51D /* JSONWeatherParser.swift */ = {isa = PBXFileReference; lastKnownFileType = sourcecode.swift; path = JSONWeatherParser.swift; sourceTree = "<group>"; };
		30A931DC25052DA10098D51D /* ParserProtocol.swift */ = {isa = PBXFileReference; lastKnownFileType = sourcecode.swift; path = ParserProtocol.swift; sourceTree = "<group>"; };
		30A931DE250530D40098D51D /* JSONForecastParser.swift */ = {isa = PBXFileReference; lastKnownFileType = sourcecode.swift; path = JSONForecastParser.swift; sourceTree = "<group>"; };
		30A931E1250533660098D51D /* PlistAccess.swift */ = {isa = PBXFileReference; lastKnownFileType = sourcecode.swift; path = PlistAccess.swift; sourceTree = "<group>"; };
		30A931E32507A9920098D51D /* ListWeathersModels.swift */ = {isa = PBXFileReference; lastKnownFileType = sourcecode.swift; path = ListWeathersModels.swift; sourceTree = "<group>"; };
		30A931E52507F43A0098D51D /* LocationWorker.swift */ = {isa = PBXFileReference; lastKnownFileType = sourcecode.swift; path = LocationWorker.swift; sourceTree = "<group>"; };
		30A931E8250A53CF0098D51D /* WeathersInfoViewController.swift */ = {isa = PBXFileReference; lastKnownFileType = sourcecode.swift; path = WeathersInfoViewController.swift; sourceTree = "<group>"; };
		30A931EA250A53E60098D51D /* WeathersInfoInteractor.swift */ = {isa = PBXFileReference; lastKnownFileType = sourcecode.swift; path = WeathersInfoInteractor.swift; sourceTree = "<group>"; };
		30A931EC250A53F90098D51D /* WeathersInfoPresenter.swift */ = {isa = PBXFileReference; lastKnownFileType = sourcecode.swift; path = WeathersInfoPresenter.swift; sourceTree = "<group>"; };
		30A931EE250A54C50098D51D /* WeathersInfoModels.swift */ = {isa = PBXFileReference; lastKnownFileType = sourcecode.swift; path = WeathersInfoModels.swift; sourceTree = "<group>"; };
		30A931F0250A57470098D51D /* WeathersInfoLocationWorker.swift */ = {isa = PBXFileReference; lastKnownFileType = sourcecode.swift; path = WeathersInfoLocationWorker.swift; sourceTree = "<group>"; };
		30A931F3250A5E2C0098D51D /* ListWeathersCell.swift */ = {isa = PBXFileReference; lastKnownFileType = sourcecode.swift; path = ListWeathersCell.swift; sourceTree = "<group>"; };
		30A931F5250A5E510098D51D /* ListWeathersCollectionViewLayout.swift */ = {isa = PBXFileReference; lastKnownFileType = sourcecode.swift; path = ListWeathersCollectionViewLayout.swift; sourceTree = "<group>"; };
		30A931F9250A65C90098D51D /* ListWeathersButtonsCell.swift */ = {isa = PBXFileReference; lastKnownFileType = sourcecode.swift; path = ListWeathersButtonsCell.swift; sourceTree = "<group>"; };
/* End PBXFileReference section */

/* Begin PBXFrameworksBuildPhase section */
		30A9319B25050B0F0098D51D /* Frameworks */ = {
			isa = PBXFrameworksBuildPhase;
			buildActionMask = 2147483647;
			files = (
			);
			runOnlyForDeploymentPostprocessing = 0;
		};
/* End PBXFrameworksBuildPhase section */

/* Begin PBXGroup section */
		30A9319525050B0F0098D51D = {
			isa = PBXGroup;
			children = (
				30A931A025050B0F0098D51D /* CleanWeather */,
				30A9319F25050B0F0098D51D /* Products */,
			);
			sourceTree = "<group>";
		};
		30A9319F25050B0F0098D51D /* Products */ = {
			isa = PBXGroup;
			children = (
				30A9319E25050B0F0098D51D /* CleanWeather.app */,
			);
			name = Products;
			sourceTree = "<group>";
		};
		30A931A025050B0F0098D51D /* CleanWeather */ = {
			isa = PBXGroup;
			children = (
				30A931D125051EAF0098D51D /* Managers */,
				30A931BE25050EFB0098D51D /* Models */,
				30A931B825050CBA0098D51D /* Scenes */,
				30A931A125050B0F0098D51D /* AppDelegate.swift */,
				30A931A325050B0F0098D51D /* SceneDelegate.swift */,
				30A931AD25050B110098D51D /* Assets.xcassets */,
				30A931AF25050B110098D51D /* LaunchScreen.storyboard */,
				30A931B225050B110098D51D /* Info.plist */,
				30A931AA25050B0F0098D51D /* CleanWeather.xcdatamodeld */,
				30A931D4250522060098D51D /* APIKeys.plist */,
				30A931D925052CE00098D51D /* Parsers */,
				30A931E0250533470098D51D /* Helpers */,
			);
			path = CleanWeather;
			sourceTree = "<group>";
		};
		30A931B825050CBA0098D51D /* Scenes */ = {
			isa = PBXGroup;
			children = (
				30A931B925050CD40098D51D /* ListWeathers */,
				30A931E7250A53510098D51D /* WeathersInfo */,
				30A931D6250522E80098D51D /* PlaceSearch */,
			);
			path = Scenes;
			sourceTree = "<group>";
		};
		30A931B925050CD40098D51D /* ListWeathers */ = {
			isa = PBXGroup;
			children = (
				30A931F2250A5DFE0098D51D /* View */,
				30A931A525050B0F0098D51D /* ListWeathersViewController.swift */,
				30A931BA25050E750098D51D /* ListWeathersInteractor.swift */,
				30A931BF2505104B0098D51D /* ListWeathersPresenter.swift */,
				30A931E32507A9920098D51D /* ListWeathersModels.swift */,
				30A931C1250511DD0098D51D /* CoreDataWorker.swift */,
				30A931CF25051E4F0098D51D /* NetworkWorker.swift */,
				30A931E52507F43A0098D51D /* LocationWorker.swift */,
			);
			path = ListWeathers;
			sourceTree = "<group>";
		};
		30A931BE25050EFB0098D51D /* Models */ = {
			isa = PBXGroup;
			children = (
				30A931BC25050EF00098D51D /* Weather.swift */,
				30A931CB250519950098D51D /* ManagedWeather.swift */,
				30A931CD250519AE0098D51D /* ManagedForecast.swift */,
			);
			path = Models;
			sourceTree = "<group>";
		};
		30A931D125051EAF0098D51D /* Managers */ = {
			isa = PBXGroup;
			children = (
				30A931D225051EC80098D51D /* CoreDataManager.swift */,
				30A931D7250529BF0098D51D /* NetworkManager.swift */,
			);
			path = Managers;
			sourceTree = "<group>";
		};
		30A931D6250522E80098D51D /* PlaceSearch */ = {
			isa = PBXGroup;
			children = (
			);
			path = PlaceSearch;
			sourceTree = "<group>";
		};
		30A931D925052CE00098D51D /* Parsers */ = {
			isa = PBXGroup;
			children = (
				30A931DA25052D070098D51D /* JSONWeatherParser.swift */,
				30A931DE250530D40098D51D /* JSONForecastParser.swift */,
				30A931DC25052DA10098D51D /* ParserProtocol.swift */,
			);
			path = Parsers;
			sourceTree = "<group>";
		};
		30A931E0250533470098D51D /* Helpers */ = {
			isa = PBXGroup;
			children = (
				30A931E1250533660098D51D /* PlistAccess.swift */,
			);
			path = Helpers;
			sourceTree = "<group>";
		};
		30A931E7250A53510098D51D /* WeathersInfo */ = {
			isa = PBXGroup;
			children = (
				30A931E8250A53CF0098D51D /* WeathersInfoViewController.swift */,
				30A931EA250A53E60098D51D /* WeathersInfoInteractor.swift */,
				30A931EC250A53F90098D51D /* WeathersInfoPresenter.swift */,
				30A931EE250A54C50098D51D /* WeathersInfoModels.swift */,
				30A931F0250A57470098D51D /* WeathersInfoLocationWorker.swift */,
			);
			path = WeathersInfo;
			sourceTree = "<group>";
		};
		30A931F2250A5DFE0098D51D /* View */ = {
			isa = PBXGroup;
			children = (
				30A931F5250A5E510098D51D /* ListWeathersCollectionViewLayout.swift */,
				30A931F3250A5E2C0098D51D /* ListWeathersCell.swift */,
				30A931F9250A65C90098D51D /* ListWeathersButtonsCell.swift */,
			);
			path = View;
			sourceTree = "<group>";
		};
/* End PBXGroup section */

/* Begin PBXNativeTarget section */
		30A9319D25050B0F0098D51D /* CleanWeather */ = {
			isa = PBXNativeTarget;
			buildConfigurationList = 30A931B525050B110098D51D /* Build configuration list for PBXNativeTarget "CleanWeather" */;
			buildPhases = (
				30A9319A25050B0F0098D51D /* Sources */,
				30A9319B25050B0F0098D51D /* Frameworks */,
				30A9319C25050B0F0098D51D /* Resources */,
			);
			buildRules = (
			);
			dependencies = (
			);
			name = CleanWeather;
			productName = CleanWeather;
			productReference = 30A9319E25050B0F0098D51D /* CleanWeather.app */;
			productType = "com.apple.product-type.application";
		};
/* End PBXNativeTarget section */

/* Begin PBXProject section */
		30A9319625050B0F0098D51D /* Project object */ = {
			isa = PBXProject;
			attributes = {
				LastSwiftUpdateCheck = 1170;
				LastUpgradeCheck = 1170;
				ORGANIZATIONNAME = 18592232;
				TargetAttributes = {
					30A9319D25050B0F0098D51D = {
						CreatedOnToolsVersion = 11.7;
					};
				};
			};
			buildConfigurationList = 30A9319925050B0F0098D51D /* Build configuration list for PBXProject "CleanWeather" */;
			compatibilityVersion = "Xcode 9.3";
			developmentRegion = en;
			hasScannedForEncodings = 0;
			knownRegions = (
				en,
				Base,
			);
			mainGroup = 30A9319525050B0F0098D51D;
			productRefGroup = 30A9319F25050B0F0098D51D /* Products */;
			projectDirPath = "";
			projectRoot = "";
			targets = (
				30A9319D25050B0F0098D51D /* CleanWeather */,
			);
		};
/* End PBXProject section */

/* Begin PBXResourcesBuildPhase section */
		30A9319C25050B0F0098D51D /* Resources */ = {
			isa = PBXResourcesBuildPhase;
			buildActionMask = 2147483647;
			files = (
				30A931D5250522060098D51D /* APIKeys.plist in Resources */,
				30A931B125050B110098D51D /* LaunchScreen.storyboard in Resources */,
				30A931AE25050B110098D51D /* Assets.xcassets in Resources */,
			);
			runOnlyForDeploymentPostprocessing = 0;
		};
/* End PBXResourcesBuildPhase section */

/* Begin PBXSourcesBuildPhase section */
		30A9319A25050B0F0098D51D /* Sources */ = {
			isa = PBXSourcesBuildPhase;
			buildActionMask = 2147483647;
			files = (
				30A931EB250A53E60098D51D /* WeathersInfoInteractor.swift in Sources */,
				30A931E42507A9920098D51D /* ListWeathersModels.swift in Sources */,
				30A931CE250519AE0098D51D /* ManagedForecast.swift in Sources */,
				30A931EF250A54C50098D51D /* WeathersInfoModels.swift in Sources */,
				30A931DF250530D40098D51D /* JSONForecastParser.swift in Sources */,
				30A931AC25050B0F0098D51D /* CleanWeather.xcdatamodeld in Sources */,
				30A931E2250533660098D51D /* PlistAccess.swift in Sources */,
				30A931CC250519950098D51D /* ManagedWeather.swift in Sources */,
				30A931D8250529BF0098D51D /* NetworkManager.swift in Sources */,
				30A931A625050B0F0098D51D /* ListWeathersViewController.swift in Sources */,
				30A931A225050B0F0098D51D /* AppDelegate.swift in Sources */,
				30A931BB25050E750098D51D /* ListWeathersInteractor.swift in Sources */,
				30A931E9250A53CF0098D51D /* WeathersInfoViewController.swift in Sources */,
				30A931F4250A5E2C0098D51D /* ListWeathersCell.swift in Sources */,
				30A931D325051EC80098D51D /* CoreDataManager.swift in Sources */,
				30A931DD25052DA10098D51D /* ParserProtocol.swift in Sources */,
				30A931D025051E4F0098D51D /* NetworkWorker.swift in Sources */,
				30A931F6250A5E510098D51D /* ListWeathersCollectionViewLayout.swift in Sources */,
				30A931ED250A53F90098D51D /* WeathersInfoPresenter.swift in Sources */,
				30A931E62507F43A0098D51D /* LocationWorker.swift in Sources */,
				30A931F1250A57470098D51D /* WeathersInfoLocationWorker.swift in Sources */,
				30A931C2250511DD0098D51D /* CoreDataWorker.swift in Sources */,
				30A931BD25050EF00098D51D /* Weather.swift in Sources */,
				30A931FA250A65C90098D51D /* ListWeathersButtonsCell.swift in Sources */,
				30A931C02505104B0098D51D /* ListWeathersPresenter.swift in Sources */,
				30A931A425050B0F0098D51D /* SceneDelegate.swift in Sources */,
				30A931DB25052D070098D51D /* JSONWeatherParser.swift in Sources */,
			);
			runOnlyForDeploymentPostprocessing = 0;
		};
/* End PBXSourcesBuildPhase section */

/* Begin PBXVariantGroup section */
		30A931AF25050B110098D51D /* LaunchScreen.storyboard */ = {
			isa = PBXVariantGroup;
			children = (
				30A931B025050B110098D51D /* Base */,
			);
			name = LaunchScreen.storyboard;
			sourceTree = "<group>";
		};
/* End PBXVariantGroup section */

/* Begin XCBuildConfiguration section */
		30A931B325050B110098D51D /* Debug */ = {
			isa = XCBuildConfiguration;
			buildSettings = {
				ALWAYS_SEARCH_USER_PATHS = NO;
				CLANG_ANALYZER_NONNULL = YES;
				CLANG_ANALYZER_NUMBER_OBJECT_CONVERSION = YES_AGGRESSIVE;
				CLANG_CXX_LANGUAGE_STANDARD = "gnu++14";
				CLANG_CXX_LIBRARY = "libc++";
				CLANG_ENABLE_MODULES = YES;
				CLANG_ENABLE_OBJC_ARC = YES;
				CLANG_ENABLE_OBJC_WEAK = YES;
				CLANG_WARN_BLOCK_CAPTURE_AUTORELEASING = YES;
				CLANG_WARN_BOOL_CONVERSION = YES;
				CLANG_WARN_COMMA = YES;
				CLANG_WARN_CONSTANT_CONVERSION = YES;
				CLANG_WARN_DEPRECATED_OBJC_IMPLEMENTATIONS = YES;
				CLANG_WARN_DIRECT_OBJC_ISA_USAGE = YES_ERROR;
				CLANG_WARN_DOCUMENTATION_COMMENTS = YES;
				CLANG_WARN_EMPTY_BODY = YES;
				CLANG_WARN_ENUM_CONVERSION = YES;
				CLANG_WARN_INFINITE_RECURSION = YES;
				CLANG_WARN_INT_CONVERSION = YES;
				CLANG_WARN_NON_LITERAL_NULL_CONVERSION = YES;
				CLANG_WARN_OBJC_IMPLICIT_RETAIN_SELF = YES;
				CLANG_WARN_OBJC_LITERAL_CONVERSION = YES;
				CLANG_WARN_OBJC_ROOT_CLASS = YES_ERROR;
				CLANG_WARN_RANGE_LOOP_ANALYSIS = YES;
				CLANG_WARN_STRICT_PROTOTYPES = YES;
				CLANG_WARN_SUSPICIOUS_MOVE = YES;
				CLANG_WARN_UNGUARDED_AVAILABILITY = YES_AGGRESSIVE;
				CLANG_WARN_UNREACHABLE_CODE = YES;
				CLANG_WARN__DUPLICATE_METHOD_MATCH = YES;
				COPY_PHASE_STRIP = NO;
				DEBUG_INFORMATION_FORMAT = dwarf;
				ENABLE_STRICT_OBJC_MSGSEND = YES;
				ENABLE_TESTABILITY = YES;
				GCC_C_LANGUAGE_STANDARD = gnu11;
				GCC_DYNAMIC_NO_PIC = NO;
				GCC_NO_COMMON_BLOCKS = YES;
				GCC_OPTIMIZATION_LEVEL = 0;
				GCC_PREPROCESSOR_DEFINITIONS = (
					"DEBUG=1",
					"$(inherited)",
				);
				GCC_WARN_64_TO_32_BIT_CONVERSION = YES;
				GCC_WARN_ABOUT_RETURN_TYPE = YES_ERROR;
				GCC_WARN_UNDECLARED_SELECTOR = YES;
				GCC_WARN_UNINITIALIZED_AUTOS = YES_AGGRESSIVE;
				GCC_WARN_UNUSED_FUNCTION = YES;
				GCC_WARN_UNUSED_VARIABLE = YES;
				IPHONEOS_DEPLOYMENT_TARGET = 13.7;
				MTL_ENABLE_DEBUG_INFO = INCLUDE_SOURCE;
				MTL_FAST_MATH = YES;
				ONLY_ACTIVE_ARCH = YES;
				SDKROOT = iphoneos;
				SWIFT_ACTIVE_COMPILATION_CONDITIONS = DEBUG;
				SWIFT_OPTIMIZATION_LEVEL = "-Onone";
			};
			name = Debug;
		};
		30A931B425050B110098D51D /* Release */ = {
			isa = XCBuildConfiguration;
			buildSettings = {
				ALWAYS_SEARCH_USER_PATHS = NO;
				CLANG_ANALYZER_NONNULL = YES;
				CLANG_ANALYZER_NUMBER_OBJECT_CONVERSION = YES_AGGRESSIVE;
				CLANG_CXX_LANGUAGE_STANDARD = "gnu++14";
				CLANG_CXX_LIBRARY = "libc++";
				CLANG_ENABLE_MODULES = YES;
				CLANG_ENABLE_OBJC_ARC = YES;
				CLANG_ENABLE_OBJC_WEAK = YES;
				CLANG_WARN_BLOCK_CAPTURE_AUTORELEASING = YES;
				CLANG_WARN_BOOL_CONVERSION = YES;
				CLANG_WARN_COMMA = YES;
				CLANG_WARN_CONSTANT_CONVERSION = YES;
				CLANG_WARN_DEPRECATED_OBJC_IMPLEMENTATIONS = YES;
				CLANG_WARN_DIRECT_OBJC_ISA_USAGE = YES_ERROR;
				CLANG_WARN_DOCUMENTATION_COMMENTS = YES;
				CLANG_WARN_EMPTY_BODY = YES;
				CLANG_WARN_ENUM_CONVERSION = YES;
				CLANG_WARN_INFINITE_RECURSION = YES;
				CLANG_WARN_INT_CONVERSION = YES;
				CLANG_WARN_NON_LITERAL_NULL_CONVERSION = YES;
				CLANG_WARN_OBJC_IMPLICIT_RETAIN_SELF = YES;
				CLANG_WARN_OBJC_LITERAL_CONVERSION = YES;
				CLANG_WARN_OBJC_ROOT_CLASS = YES_ERROR;
				CLANG_WARN_RANGE_LOOP_ANALYSIS = YES;
				CLANG_WARN_STRICT_PROTOTYPES = YES;
				CLANG_WARN_SUSPICIOUS_MOVE = YES;
				CLANG_WARN_UNGUARDED_AVAILABILITY = YES_AGGRESSIVE;
				CLANG_WARN_UNREACHABLE_CODE = YES;
				CLANG_WARN__DUPLICATE_METHOD_MATCH = YES;
				COPY_PHASE_STRIP = NO;
				DEBUG_INFORMATION_FORMAT = "dwarf-with-dsym";
				ENABLE_NS_ASSERTIONS = NO;
				ENABLE_STRICT_OBJC_MSGSEND = YES;
				GCC_C_LANGUAGE_STANDARD = gnu11;
				GCC_NO_COMMON_BLOCKS = YES;
				GCC_WARN_64_TO_32_BIT_CONVERSION = YES;
				GCC_WARN_ABOUT_RETURN_TYPE = YES_ERROR;
				GCC_WARN_UNDECLARED_SELECTOR = YES;
				GCC_WARN_UNINITIALIZED_AUTOS = YES_AGGRESSIVE;
				GCC_WARN_UNUSED_FUNCTION = YES;
				GCC_WARN_UNUSED_VARIABLE = YES;
				IPHONEOS_DEPLOYMENT_TARGET = 13.7;
				MTL_ENABLE_DEBUG_INFO = NO;
				MTL_FAST_MATH = YES;
				SDKROOT = iphoneos;
				SWIFT_COMPILATION_MODE = wholemodule;
				SWIFT_OPTIMIZATION_LEVEL = "-O";
				VALIDATE_PRODUCT = YES;
			};
			name = Release;
		};
		30A931B625050B110098D51D /* Debug */ = {
			isa = XCBuildConfiguration;
			buildSettings = {
				ASSETCATALOG_COMPILER_APPICON_NAME = AppIcon;
				CODE_SIGN_STYLE = Automatic;
				DEVELOPMENT_TEAM = UM9B77K58H;
				INFOPLIST_FILE = CleanWeather/Info.plist;
				LD_RUNPATH_SEARCH_PATHS = (
					"$(inherited)",
					"@executable_path/Frameworks",
				);
				PRODUCT_BUNDLE_IDENTIFIER = com.semenov.CleanWeather;
				PRODUCT_NAME = "$(TARGET_NAME)";
				SWIFT_VERSION = 5.0;
				TARGETED_DEVICE_FAMILY = "1,2";
			};
			name = Debug;
		};
		30A931B725050B110098D51D /* Release */ = {
			isa = XCBuildConfiguration;
			buildSettings = {
				ASSETCATALOG_COMPILER_APPICON_NAME = AppIcon;
				CODE_SIGN_STYLE = Automatic;
				DEVELOPMENT_TEAM = UM9B77K58H;
				INFOPLIST_FILE = CleanWeather/Info.plist;
				LD_RUNPATH_SEARCH_PATHS = (
					"$(inherited)",
					"@executable_path/Frameworks",
				);
				PRODUCT_BUNDLE_IDENTIFIER = com.semenov.CleanWeather;
				PRODUCT_NAME = "$(TARGET_NAME)";
				SWIFT_VERSION = 5.0;
				TARGETED_DEVICE_FAMILY = "1,2";
			};
			name = Release;
		};
/* End XCBuildConfiguration section */

/* Begin XCConfigurationList section */
		30A9319925050B0F0098D51D /* Build configuration list for PBXProject "CleanWeather" */ = {
			isa = XCConfigurationList;
			buildConfigurations = (
				30A931B325050B110098D51D /* Debug */,
				30A931B425050B110098D51D /* Release */,
			);
			defaultConfigurationIsVisible = 0;
			defaultConfigurationName = Release;
		};
		30A931B525050B110098D51D /* Build configuration list for PBXNativeTarget "CleanWeather" */ = {
			isa = XCConfigurationList;
			buildConfigurations = (
				30A931B625050B110098D51D /* Debug */,
				30A931B725050B110098D51D /* Release */,
			);
			defaultConfigurationIsVisible = 0;
			defaultConfigurationName = Release;
		};
/* End XCConfigurationList section */

/* Begin XCVersionGroup section */
		30A931AA25050B0F0098D51D /* CleanWeather.xcdatamodeld */ = {
			isa = XCVersionGroup;
			children = (
				30A931AB25050B0F0098D51D /* CleanWeather.xcdatamodel */,
			);
			currentVersion = 30A931AB25050B0F0098D51D /* CleanWeather.xcdatamodel */;
			path = CleanWeather.xcdatamodeld;
			sourceTree = "<group>";
			versionGroupType = wrapper.xcdatamodel;
		};
/* End XCVersionGroup section */
	};
	rootObject = 30A9319625050B0F0098D51D /* Project object */;
}
