// !$*UTF8*$!
{
	archiveVersion = 1;
	classes = {
	};
	objectVersion = 50;
	objects = {

/* Begin PBXBuildFile section */
		30A931A225050B0F0098D51D /* AppDelegate.swift in Sources */ = {isa = PBXBuildFile; fileRef = 30A931A125050B0F0098D51D /* AppDelegate.swift */; };
		30A931A425050B0F0098D51D /* SceneDelegate.swift in Sources */ = {isa = PBXBuildFile; fileRef = 30A931A325050B0F0098D51D /* SceneDelegate.swift */; };
		30A931A625050B0F0098D51D /* ViewController.swift in Sources */ = {isa = PBXBuildFile; fileRef = 30A931A525050B0F0098D51D /* ViewController.swift */; };
		30A931A925050B0F0098D51D /* Main.storyboard in Resources */ = {isa = PBXBuildFile; fileRef = 30A931A725050B0F0098D51D /* Main.storyboard */; };
		30A931AC25050B0F0098D51D /* CleanWeather.xcdatamodeld in Sources */ = {isa = PBXBuildFile; fileRef = 30A931AA25050B0F0098D51D /* CleanWeather.xcdatamodeld */; };
		30A931AE25050B110098D51D /* Assets.xcassets in Resources */ = {isa = PBXBuildFile; fileRef = 30A931AD25050B110098D51D /* Assets.xcassets */; };
		30A931B125050B110098D51D /* LaunchScreen.storyboard in Resources */ = {isa = PBXBuildFile; fileRef = 30A931AF25050B110098D51D /* LaunchScreen.storyboard */; };
/* End PBXBuildFile section */

/* Begin PBXFileReference section */
		30A9319E25050B0F0098D51D /* CleanWeather.app */ = {isa = PBXFileReference; explicitFileType = wrapper.application; includeInIndex = 0; path = CleanWeather.app; sourceTree = BUILT_PRODUCTS_DIR; };
		30A931A125050B0F0098D51D /* AppDelegate.swift */ = {isa = PBXFileReference; lastKnownFileType = sourcecode.swift; path = AppDelegate.swift; sourceTree = "<group>"; };
		30A931A325050B0F0098D51D /* SceneDelegate.swift */ = {isa = PBXFileReference; lastKnownFileType = sourcecode.swift; path = SceneDelegate.swift; sourceTree = "<group>"; };
		30A931A525050B0F0098D51D /* ViewController.swift */ = {isa = PBXFileReference; lastKnownFileType = sourcecode.swift; path = ViewController.swift; sourceTree = "<group>"; };
		30A931A825050B0F0098D51D /* Base */ = {isa = PBXFileReference; lastKnownFileType = file.storyboard; name = Base; path = Base.lproj/Main.storyboard; sourceTree = "<group>"; };
		30A931AB25050B0F0098D51D /* CleanWeather.xcdatamodel */ = {isa = PBXFileReference; lastKnownFileType = wrapper.xcdatamodel; path = CleanWeather.xcdatamodel; sourceTree = "<group>"; };
		30A931AD25050B110098D51D /* Assets.xcassets */ = {isa = PBXFileReference; lastKnownFileType = folder.assetcatalog; path = Assets.xcassets; sourceTree = "<group>"; };
		30A931B025050B110098D51D /* Base */ = {isa = PBXFileReference; lastKnownFileType = file.storyboard; name = Base; path = Base.lproj/LaunchScreen.storyboard; sourceTree = "<group>"; };
		30A931B225050B110098D51D /* Info.plist */ = {isa = PBXFileReference; lastKnownFileType = text.plist.xml; path = Info.plist; sourceTree = "<group>"; };
/* End PBXFileReference section */

/* Begin PBXFrameworksBuildPhase section */
		30A9319B25050B0F0098D51D /* Frameworks */ = {
			isa = PBXFrameworksBuildPhase;
			buildActionMask = 2147483647;
			files = (
			);
			runOnlyForDeploymentPostprocessing = 0;
		};
/* End PBXFrameworksBuildPhase section */

/* Begin PBXGroup section */
		30A9319525050B0F0098D51D = {
			isa = PBXGroup;
			children = (
				30A931A025050B0F0098D51D /* CleanWeather */,
				30A9319F25050B0F0098D51D /* Products */,
			);
			sourceTree = "<group>";
		};
		30A9319F25050B0F0098D51D /* Products */ = {
			isa = PBXGroup;
			children = (
				30A9319E25050B0F0098D51D /* CleanWeather.app */,
			);
			name = Products;
			sourceTree = "<group>";
		};
		30A931A025050B0F0098D51D /* CleanWeather */ = {
			isa = PBXGroup;
			children = (
				30A931A125050B0F0098D51D /* AppDelegate.swift */,
				30A931A325050B0F0098D51D /* SceneDelegate.swift */,
				30A931A525050B0F0098D51D /* ViewController.swift */,
				30A931A725050B0F0098D51D /* Main.storyboard */,
				30A931AD25050B110098D51D /* Assets.xcassets */,
				30A931AF25050B110098D51D /* LaunchScreen.storyboard */,
				30A931B225050B110098D51D /* Info.plist */,
				30A931AA25050B0F0098D51D /* CleanWeather.xcdatamodeld */,
			);
			path = CleanWeather;
			sourceTree = "<group>";
		};
/* End PBXGroup section */

/* Begin PBXNativeTarget section */
		30A9319D25050B0F0098D51D /* CleanWeather */ = {
			isa = PBXNativeTarget;
			buildConfigurationList = 30A931B525050B110098D51D /* Build configuration list for PBXNativeTarget "CleanWeather" */;
			buildPhases = (
				30A9319A25050B0F0098D51D /* Sources */,
				30A9319B25050B0F0098D51D /* Frameworks */,
				30A9319C25050B0F0098D51D /* Resources */,
			);
			buildRules = (
			);
			dependencies = (
			);
			name = CleanWeather;
			productName = CleanWeather;
			productReference = 30A9319E25050B0F0098D51D /* CleanWeather.app */;
			productType = "com.apple.product-type.application";
		};
/* End PBXNativeTarget section */

/* Begin PBXProject section */
		30A9319625050B0F0098D51D /* Project object */ = {
			isa = PBXProject;
			attributes = {
				LastSwiftUpdateCheck = 1170;
				LastUpgradeCheck = 1170;
				ORGANIZATIONNAME = 18592232;
				TargetAttributes = {
					30A9319D25050B0F0098D51D = {
						CreatedOnToolsVersion = 11.7;
					};
				};
			};
			buildConfigurationList = 30A9319925050B0F0098D51D /* Build configuration list for PBXProject "CleanWeather" */;
			compatibilityVersion = "Xcode 9.3";
			developmentRegion = en;
			hasScannedForEncodings = 0;
			knownRegions = (
				en,
				Base,
			);
			mainGroup = 30A9319525050B0F0098D51D;
			productRefGroup = 30A9319F25050B0F0098D51D /* Products */;
			projectDirPath = "";
			projectRoot = "";
			targets = (
				30A9319D25050B0F0098D51D /* CleanWeather */,
			);
		};
/* End PBXProject section */

/* Begin PBXResourcesBuildPhase section */
		30A9319C25050B0F0098D51D /* Resources */ = {
			isa = PBXResourcesBuildPhase;
			buildActionMask = 2147483647;
			files = (
				30A931B125050B110098D51D /* LaunchScreen.storyboard in Resources */,
				30A931AE25050B110098D51D /* Assets.xcassets in Resources */,
				30A931A925050B0F0098D51D /* Main.storyboard in Resources */,
			);
			runOnlyForDeploymentPostprocessing = 0;
		};
/* End PBXResourcesBuildPhase section */

/* Begin PBXSourcesBuildPhase section */
		30A9319A25050B0F0098D51D /* Sources */ = {
			isa = PBXSourcesBuildPhase;
			buildActionMask = 2147483647;
			files = (
				30A931AC25050B0F0098D51D /* CleanWeather.xcdatamodeld in Sources */,
				30A931A625050B0F0098D51D /* ViewController.swift in Sources */,
				30A931A225050B0F0098D51D /* AppDelegate.swift in Sources */,
				30A931A425050B0F0098D51D /* SceneDelegate.swift in Sources */,
			);
			runOnlyForDeploymentPostprocessing = 0;
		};
/* End PBXSourcesBuildPhase section */

/* Begin PBXVariantGroup section */
		30A931A725050B0F0098D51D /* Main.storyboard */ = {
			isa = PBXVariantGroup;
			children = (
				30A931A825050B0F0098D51D /* Base */,
			);
			name = Main.storyboard;
			sourceTree = "<group>";
		};
		30A931AF25050B110098D51D /* LaunchScreen.storyboard */ = {
			isa = PBXVariantGroup;
			children = (
				30A931B025050B110098D51D /* Base */,
			);
			name = LaunchScreen.storyboard;
			sourceTree = "<group>";
		};
/* End PBXVariantGroup section */

/* Begin XCBuildConfiguration section */
		30A931B325050B110098D51D /* Debug */ = {
			isa = XCBuildConfiguration;
			buildSettings = {
				ALWAYS_SEARCH_USER_PATHS = NO;
				CLANG_ANALYZER_NONNULL = YES;
				CLANG_ANALYZER_NUMBER_OBJECT_CONVERSION = YES_AGGRESSIVE;
				CLANG_CXX_LANGUAGE_STANDARD = "gnu++14";
				CLANG_CXX_LIBRARY = "libc++";
				CLANG_ENABLE_MODULES = YES;
				CLANG_ENABLE_OBJC_ARC = YES;
				CLANG_ENABLE_OBJC_WEAK = YES;
				CLANG_WARN_BLOCK_CAPTURE_AUTORELEASING = YES;
				CLANG_WARN_BOOL_CONVERSION = YES;
				CLANG_WARN_COMMA = YES;
				CLANG_WARN_CONSTANT_CONVERSION = YES;
				CLANG_WARN_DEPRECATED_OBJC_IMPLEMENTATIONS = YES;
				CLANG_WARN_DIRECT_OBJC_ISA_USAGE = YES_ERROR;
				CLANG_WARN_DOCUMENTATION_COMMENTS = YES;
				CLANG_WARN_EMPTY_BODY = YES;
				CLANG_WARN_ENUM_CONVERSION = YES;
				CLANG_WARN_INFINITE_RECURSION = YES;
				CLANG_WARN_INT_CONVERSION = YES;
				CLANG_WARN_NON_LITERAL_NULL_CONVERSION = YES;
				CLANG_WARN_OBJC_IMPLICIT_RETAIN_SELF = YES;
				CLANG_WARN_OBJC_LITERAL_CONVERSION = YES;
				CLANG_WARN_OBJC_ROOT_CLASS = YES_ERROR;
				CLANG_WARN_RANGE_LOOP_ANALYSIS = YES;
				CLANG_WARN_STRICT_PROTOTYPES = YES;
				CLANG_WARN_SUSPICIOUS_MOVE = YES;
				CLANG_WARN_UNGUARDED_AVAILABILITY = YES_AGGRESSIVE;
				CLANG_WARN_UNREACHABLE_CODE = YES;
				CLANG_WARN__DUPLICATE_METHOD_MATCH = YES;
				COPY_PHASE_STRIP = NO;
				DEBUG_INFORMATION_FORMAT = dwarf;
				ENABLE_STRICT_OBJC_MSGSEND = YES;
				ENABLE_TESTABILITY = YES;
				GCC_C_LANGUAGE_STANDARD = gnu11;
				GCC_DYNAMIC_NO_PIC = NO;
				GCC_NO_COMMON_BLOCKS = YES;
				GCC_OPTIMIZATION_LEVEL = 0;
				GCC_PREPROCESSOR_DEFINITIONS = (
					"DEBUG=1",
					"$(inherited)",
				);
				GCC_WARN_64_TO_32_BIT_CONVERSION = YES;
				GCC_WARN_ABOUT_RETURN_TYPE = YES_ERROR;
				GCC_WARN_UNDECLARED_SELECTOR = YES;
				GCC_WARN_UNINITIALIZED_AUTOS = YES_AGGRESSIVE;
				GCC_WARN_UNUSED_FUNCTION = YES;
				GCC_WARN_UNUSED_VARIABLE = YES;
				IPHONEOS_DEPLOYMENT_TARGET = 13.7;
				MTL_ENABLE_DEBUG_INFO = INCLUDE_SOURCE;
				MTL_FAST_MATH = YES;
				ONLY_ACTIVE_ARCH = YES;
				SDKROOT = iphoneos;
				SWIFT_ACTIVE_COMPILATION_CONDITIONS = DEBUG;
				SWIFT_OPTIMIZATION_LEVEL = "-Onone";
			};
			name = Debug;
		};
		30A931B425050B110098D51D /* Release */ = {
			isa = XCBuildConfiguration;
			buildSettings = {
				ALWAYS_SEARCH_USER_PATHS = NO;
				CLANG_ANALYZER_NONNULL = YES;
				CLANG_ANALYZER_NUMBER_OBJECT_CONVERSION = YES_AGGRESSIVE;
				CLANG_CXX_LANGUAGE_STANDARD = "gnu++14";
				CLANG_CXX_LIBRARY = "libc++";
				CLANG_ENABLE_MODULES = YES;
				CLANG_ENABLE_OBJC_ARC = YES;
				CLANG_ENABLE_OBJC_WEAK = YES;
				CLANG_WARN_BLOCK_CAPTURE_AUTORELEASING = YES;
				CLANG_WARN_BOOL_CONVERSION = YES;
				CLANG_WARN_COMMA = YES;
				CLANG_WARN_CONSTANT_CONVERSION = YES;
				CLANG_WARN_DEPRECATED_OBJC_IMPLEMENTATIONS = YES;
				CLANG_WARN_DIRECT_OBJC_ISA_USAGE = YES_ERROR;
				CLANG_WARN_DOCUMENTATION_COMMENTS = YES;
				CLANG_WARN_EMPTY_BODY = YES;
				CLANG_WARN_ENUM_CONVERSION = YES;
				CLANG_WARN_INFINITE_RECURSION = YES;
				CLANG_WARN_INT_CONVERSION = YES;
				CLANG_WARN_NON_LITERAL_NULL_CONVERSION = YES;
				CLANG_WARN_OBJC_IMPLICIT_RETAIN_SELF = YES;
				CLANG_WARN_OBJC_LITERAL_CONVERSION = YES;
				CLANG_WARN_OBJC_ROOT_CLASS = YES_ERROR;
				CLANG_WARN_RANGE_LOOP_ANALYSIS = YES;
				CLANG_WARN_STRICT_PROTOTYPES = YES;
				CLANG_WARN_SUSPICIOUS_MOVE = YES;
				CLANG_WARN_UNGUARDED_AVAILABILITY = YES_AGGRESSIVE;
				CLANG_WARN_UNREACHABLE_CODE = YES;
				CLANG_WARN__DUPLICATE_METHOD_MATCH = YES;
				COPY_PHASE_STRIP = NO;
				DEBUG_INFORMATION_FORMAT = "dwarf-with-dsym";
				ENABLE_NS_ASSERTIONS = NO;
				ENABLE_STRICT_OBJC_MSGSEND = YES;
				GCC_C_LANGUAGE_STANDARD = gnu11;
				GCC_NO_COMMON_BLOCKS = YES;
				GCC_WARN_64_TO_32_BIT_CONVERSION = YES;
				GCC_WARN_ABOUT_RETURN_TYPE = YES_ERROR;
				GCC_WARN_UNDECLARED_SELECTOR = YES;
				GCC_WARN_UNINITIALIZED_AUTOS = YES_AGGRESSIVE;
				GCC_WARN_UNUSED_FUNCTION = YES;
				GCC_WARN_UNUSED_VARIABLE = YES;
				IPHONEOS_DEPLOYMENT_TARGET = 13.7;
				MTL_ENABLE_DEBUG_INFO = NO;
				MTL_FAST_MATH = YES;
				SDKROOT = iphoneos;
				SWIFT_COMPILATION_MODE = wholemodule;
				SWIFT_OPTIMIZATION_LEVEL = "-O";
				VALIDATE_PRODUCT = YES;
			};
			name = Release;
		};
		30A931B625050B110098D51D /* Debug */ = {
			isa = XCBuildConfiguration;
			buildSettings = {
				ASSETCATALOG_COMPILER_APPICON_NAME = AppIcon;
				CODE_SIGN_STYLE = Automatic;
				INFOPLIST_FILE = CleanWeather/Info.plist;
				LD_RUNPATH_SEARCH_PATHS = (
					"$(inherited)",
					"@executable_path/Frameworks",
				);
				PRODUCT_BUNDLE_IDENTIFIER = com.semenov.CleanWeather;
				PRODUCT_NAME = "$(TARGET_NAME)";
				SWIFT_VERSION = 5.0;
				TARGETED_DEVICE_FAMILY = "1,2";
			};
			name = Debug;
		};
		30A931B725050B110098D51D /* Release */ = {
			isa = XCBuildConfiguration;
			buildSettings = {
				ASSETCATALOG_COMPILER_APPICON_NAME = AppIcon;
				CODE_SIGN_STYLE = Automatic;
				INFOPLIST_FILE = CleanWeather/Info.plist;
				LD_RUNPATH_SEARCH_PATHS = (
					"$(inherited)",
					"@executable_path/Frameworks",
				);
				PRODUCT_BUNDLE_IDENTIFIER = com.semenov.CleanWeather;
				PRODUCT_NAME = "$(TARGET_NAME)";
				SWIFT_VERSION = 5.0;
				TARGETED_DEVICE_FAMILY = "1,2";
			};
			name = Release;
		};
/* End XCBuildConfiguration section */

/* Begin XCConfigurationList section */
		30A9319925050B0F0098D51D /* Build configuration list for PBXProject "CleanWeather" */ = {
			isa = XCConfigurationList;
			buildConfigurations = (
				30A931B325050B110098D51D /* Debug */,
				30A931B425050B110098D51D /* Release */,
			);
			defaultConfigurationIsVisible = 0;
			defaultConfigurationName = Release;
		};
		30A931B525050B110098D51D /* Build configuration list for PBXNativeTarget "CleanWeather" */ = {
			isa = XCConfigurationList;
			buildConfigurations = (
				30A931B625050B110098D51D /* Debug */,
				30A931B725050B110098D51D /* Release */,
			);
			defaultConfigurationIsVisible = 0;
			defaultConfigurationName = Release;
		};
/* End XCConfigurationList section */

/* Begin XCVersionGroup section */
		30A931AA25050B0F0098D51D /* CleanWeather.xcdatamodeld */ = {
			isa = XCVersionGroup;
			children = (
				30A931AB25050B0F0098D51D /* CleanWeather.xcdatamodel */,
			);
			currentVersion = 30A931AB25050B0F0098D51D /* CleanWeather.xcdatamodel */;
			path = CleanWeather.xcdatamodeld;
			sourceTree = "<group>";
			versionGroupType = wrapper.xcdatamodel;
		};
/* End XCVersionGroup section */
	};
	rootObject = 30A9319625050B0F0098D51D /* Project object */;
}
