// !$*UTF8*$!
{
	archiveVersion = 1;
	classes = {
	};
	objectVersion = 50;
	objects = {

/* Begin PBXBuildFile section */
		3033539A250E739D0046A0BF /* PlaceSearchViewController.swift in Sources */ = {isa = PBXBuildFile; fileRef = 30335399250E739D0046A0BF /* PlaceSearchViewController.swift */; };
		3033539C250E73B80046A0BF /* PlaceSearchInteractor.swift in Sources */ = {isa = PBXBuildFile; fileRef = 3033539B250E73B80046A0BF /* PlaceSearchInteractor.swift */; };
		3033539E250E73C90046A0BF /* PlaceSearchPresenter.swift in Sources */ = {isa = PBXBuildFile; fileRef = 3033539D250E73C90046A0BF /* PlaceSearchPresenter.swift */; };
		303353A0250E73DD0046A0BF /* PlaceSearchModels.swift in Sources */ = {isa = PBXBuildFile; fileRef = 3033539F250E73DD0046A0BF /* PlaceSearchModels.swift */; };
		303353A2250E73FA0046A0BF /* PlaceSearchNetworkWorker.swift in Sources */ = {isa = PBXBuildFile; fileRef = 303353A1250E73FA0046A0BF /* PlaceSearchNetworkWorker.swift */; };
		303353A4250E75FF0046A0BF /* PlaceSearchRouter.swift in Sources */ = {isa = PBXBuildFile; fileRef = 303353A3250E75FF0046A0BF /* PlaceSearchRouter.swift */; };
		303353A6250E79250046A0BF /* JSONPredictionParser.swift in Sources */ = {isa = PBXBuildFile; fileRef = 303353A5250E79250046A0BF /* JSONPredictionParser.swift */; };
		303353A9250E85FE0046A0BF /* PredictionCell.swift in Sources */ = {isa = PBXBuildFile; fileRef = 303353A8250E85FE0046A0BF /* PredictionCell.swift */; };
		303BCCEB250BB55A00C302A2 /* WeatherInfoCell.swift in Sources */ = {isa = PBXBuildFile; fileRef = 303BCCEA250BB55A00C302A2 /* WeatherInfoCell.swift */; };
		303BCCED250BB5D000C302A2 /* WeatherInfoCellLayout.swift in Sources */ = {isa = PBXBuildFile; fileRef = 303BCCEC250BB5D000C302A2 /* WeatherInfoCellLayout.swift */; };
		303BCCEF250BC72B00C302A2 /* WeathersInfoHeaderCell.swift in Sources */ = {isa = PBXBuildFile; fileRef = 303BCCEE250BC72B00C302A2 /* WeathersInfoHeaderCell.swift */; };
		3044391D250CE2AD00C1D0BC /* WeathersInfoForecastForTimeCell.swift in Sources */ = {isa = PBXBuildFile; fileRef = 3044391C250CE2AD00C1D0BC /* WeathersInfoForecastForTimeCell.swift */; };
		3056BC90250BE897000AB456 /* WeathersInfoForecastsCell.swift in Sources */ = {isa = PBXBuildFile; fileRef = 3056BC8F250BE897000AB456 /* WeathersInfoForecastsCell.swift */; };
		3056BC92250BE8B3000AB456 /* WeathersInfoAdditionalInfoCell.swift in Sources */ = {isa = PBXBuildFile; fileRef = 3056BC91250BE8B3000AB456 /* WeathersInfoAdditionalInfoCell.swift */; };
		3056BC94250BE8D9000AB456 /* WeathersInfoBaseCell.swift in Sources */ = {isa = PBXBuildFile; fileRef = 3056BC93250BE8D9000AB456 /* WeathersInfoBaseCell.swift */; };
		3063884425110A14004BED81 /* CoreDataTest.swift in Sources */ = {isa = PBXBuildFile; fileRef = 3063884325110A14004BED81 /* CoreDataTest.swift */; };
		3098D33E250FC03F00F9D37C /* CleanWeatherTests.swift in Sources */ = {isa = PBXBuildFile; fileRef = 3098D33D250FC03F00F9D37C /* CleanWeatherTests.swift */; };
		3098D354250FD90600F9D37C /* NetworkTests.swift in Sources */ = {isa = PBXBuildFile; fileRef = 3098D353250FD90600F9D37C /* NetworkTests.swift */; };
		3098D36A250FDBA600F9D37C /* predictionInvalidFormat.txt in Resources */ = {isa = PBXBuildFile; fileRef = 3098D367250FDBA600F9D37C /* predictionInvalidFormat.txt */; };
		3098D36B250FDBA600F9D37C /* predictionValidData.json in Resources */ = {isa = PBXBuildFile; fileRef = 3098D368250FDBA600F9D37C /* predictionValidData.json */; };
		3098D36C250FDBA600F9D37C /* predictionInvalidData.json in Resources */ = {isa = PBXBuildFile; fileRef = 3098D369250FDBA600F9D37C /* predictionInvalidData.json */; };
		30A931A225050B0F0098D51D /* AppDelegate.swift in Sources */ = {isa = PBXBuildFile; fileRef = 30A931A125050B0F0098D51D /* AppDelegate.swift */; };
		30A931A425050B0F0098D51D /* SceneDelegate.swift in Sources */ = {isa = PBXBuildFile; fileRef = 30A931A325050B0F0098D51D /* SceneDelegate.swift */; };
		30A931A625050B0F0098D51D /* ListWeathersViewController.swift in Sources */ = {isa = PBXBuildFile; fileRef = 30A931A525050B0F0098D51D /* ListWeathersViewController.swift */; };
		30A931AC25050B0F0098D51D /* CleanWeather.xcdatamodeld in Sources */ = {isa = PBXBuildFile; fileRef = 30A931AA25050B0F0098D51D /* CleanWeather.xcdatamodeld */; };
		30A931AE25050B110098D51D /* Assets.xcassets in Resources */ = {isa = PBXBuildFile; fileRef = 30A931AD25050B110098D51D /* Assets.xcassets */; };
		30A931B125050B110098D51D /* LaunchScreen.storyboard in Resources */ = {isa = PBXBuildFile; fileRef = 30A931AF25050B110098D51D /* LaunchScreen.storyboard */; };
		30A931BB25050E750098D51D /* ListWeathersInteractor.swift in Sources */ = {isa = PBXBuildFile; fileRef = 30A931BA25050E750098D51D /* ListWeathersInteractor.swift */; };
		30A931BD25050EF00098D51D /* Weather.swift in Sources */ = {isa = PBXBuildFile; fileRef = 30A931BC25050EF00098D51D /* Weather.swift */; };
		30A931C02505104B0098D51D /* ListWeathersPresenter.swift in Sources */ = {isa = PBXBuildFile; fileRef = 30A931BF2505104B0098D51D /* ListWeathersPresenter.swift */; };
		30A931C2250511DD0098D51D /* CoreDataWorker.swift in Sources */ = {isa = PBXBuildFile; fileRef = 30A931C1250511DD0098D51D /* CoreDataWorker.swift */; };
		30A931CC250519950098D51D /* ManagedWeather.swift in Sources */ = {isa = PBXBuildFile; fileRef = 30A931CB250519950098D51D /* ManagedWeather.swift */; };
		30A931CE250519AE0098D51D /* ManagedForecast.swift in Sources */ = {isa = PBXBuildFile; fileRef = 30A931CD250519AE0098D51D /* ManagedForecast.swift */; };
		30A931D025051E4F0098D51D /* ListWeathersNetworkWorker.swift in Sources */ = {isa = PBXBuildFile; fileRef = 30A931CF25051E4F0098D51D /* ListWeathersNetworkWorker.swift */; };
		30A931D325051EC80098D51D /* CoreDataManager.swift in Sources */ = {isa = PBXBuildFile; fileRef = 30A931D225051EC80098D51D /* CoreDataManager.swift */; };
		30A931D5250522060098D51D /* APIKeys.plist in Resources */ = {isa = PBXBuildFile; fileRef = 30A931D4250522060098D51D /* APIKeys.plist */; };
		30A931D8250529BF0098D51D /* NetworkManager.swift in Sources */ = {isa = PBXBuildFile; fileRef = 30A931D7250529BF0098D51D /* NetworkManager.swift */; };
		30A931DB25052D070098D51D /* JSONWeatherParser.swift in Sources */ = {isa = PBXBuildFile; fileRef = 30A931DA25052D070098D51D /* JSONWeatherParser.swift */; };
		30A931DD25052DA10098D51D /* ParserProtocol.swift in Sources */ = {isa = PBXBuildFile; fileRef = 30A931DC25052DA10098D51D /* ParserProtocol.swift */; };
		30A931DF250530D40098D51D /* JSONForecastParser.swift in Sources */ = {isa = PBXBuildFile; fileRef = 30A931DE250530D40098D51D /* JSONForecastParser.swift */; };
		30A931E2250533660098D51D /* PlistAccess.swift in Sources */ = {isa = PBXBuildFile; fileRef = 30A931E1250533660098D51D /* PlistAccess.swift */; };
		30A931E42507A9920098D51D /* ListWeathersModels.swift in Sources */ = {isa = PBXBuildFile; fileRef = 30A931E32507A9920098D51D /* ListWeathersModels.swift */; };
		30A931E62507F43A0098D51D /* LocationWorker.swift in Sources */ = {isa = PBXBuildFile; fileRef = 30A931E52507F43A0098D51D /* LocationWorker.swift */; };
		30A931E9250A53CF0098D51D /* WeathersInfoViewController.swift in Sources */ = {isa = PBXBuildFile; fileRef = 30A931E8250A53CF0098D51D /* WeathersInfoViewController.swift */; };
		30A931EB250A53E60098D51D /* WeathersInfoInteractor.swift in Sources */ = {isa = PBXBuildFile; fileRef = 30A931EA250A53E60098D51D /* WeathersInfoInteractor.swift */; };
		30A931ED250A53F90098D51D /* WeathersInfoPresenter.swift in Sources */ = {isa = PBXBuildFile; fileRef = 30A931EC250A53F90098D51D /* WeathersInfoPresenter.swift */; };
		30A931EF250A54C50098D51D /* WeathersInfoModels.swift in Sources */ = {isa = PBXBuildFile; fileRef = 30A931EE250A54C50098D51D /* WeathersInfoModels.swift */; };
		30A931F4250A5E2C0098D51D /* ListWeathersCell.swift in Sources */ = {isa = PBXBuildFile; fileRef = 30A931F3250A5E2C0098D51D /* ListWeathersCell.swift */; };
		30A931F6250A5E510098D51D /* ListWeathersCollectionViewLayout.swift in Sources */ = {isa = PBXBuildFile; fileRef = 30A931F5250A5E510098D51D /* ListWeathersCollectionViewLayout.swift */; };
		30A931FA250A65C90098D51D /* ListWeathersButtonsCell.swift in Sources */ = {isa = PBXBuildFile; fileRef = 30A931F9250A65C90098D51D /* ListWeathersButtonsCell.swift */; };
		30A931FC250B72210098D51D /* ListWeathersLocationCell.swift in Sources */ = {isa = PBXBuildFile; fileRef = 30A931FB250B72210098D51D /* ListWeathersLocationCell.swift */; };
		30A931FE250B7E4A0098D51D /* ListWeathersBaseCell.swift in Sources */ = {isa = PBXBuildFile; fileRef = 30A931FD250B7E4A0098D51D /* ListWeathersBaseCell.swift */; };
		30A93200250B9DAE0098D51D /* ListWeathersRouter.swift in Sources */ = {isa = PBXBuildFile; fileRef = 30A931FF250B9DAE0098D51D /* ListWeathersRouter.swift */; };
		30A93202250BAC4C0098D51D /* WeathersInfoRouter.swift in Sources */ = {isa = PBXBuildFile; fileRef = 30A93201250BAC4C0098D51D /* WeathersInfoRouter.swift */; };
		30BF29DC2510B9470080E187 /* NetworkReturnTypeTests.swift in Sources */ = {isa = PBXBuildFile; fileRef = 30BF29DB2510B9470080E187 /* NetworkReturnTypeTests.swift */; };
		30BF29E42510D1EE0080E187 /* ListWeathersViewControllerTests.swift in Sources */ = {isa = PBXBuildFile; fileRef = 30BF29E32510D1EE0080E187 /* ListWeathersViewControllerTests.swift */; };
		30BF2A002510D27A0080E187 /* ListWeathersInteractoTest.swift in Sources */ = {isa = PBXBuildFile; fileRef = 30BF29FF2510D27A0080E187 /* ListWeathersInteractoTest.swift */; };
		30BF2A0E2510F0B60080E187 /* ListWeathersPresenterTests.swift in Sources */ = {isa = PBXBuildFile; fileRef = 30BF2A0D2510F0B60080E187 /* ListWeathersPresenterTests.swift */; };
/* End PBXBuildFile section */

/* Begin PBXContainerItemProxy section */
		3063884625110A14004BED81 /* PBXContainerItemProxy */ = {
			isa = PBXContainerItemProxy;
			containerPortal = 30A9319625050B0F0098D51D /* Project object */;
			proxyType = 1;
			remoteGlobalIDString = 30A9319D25050B0F0098D51D;
			remoteInfo = CleanWeather;
		};
		3098D340250FC03F00F9D37C /* PBXContainerItemProxy */ = {
			isa = PBXContainerItemProxy;
			containerPortal = 30A9319625050B0F0098D51D /* Project object */;
			proxyType = 1;
			remoteGlobalIDString = 30A9319D25050B0F0098D51D;
			remoteInfo = CleanWeather;
		};
		3098D356250FD90600F9D37C /* PBXContainerItemProxy */ = {
			isa = PBXContainerItemProxy;
			containerPortal = 30A9319625050B0F0098D51D /* Project object */;
			proxyType = 1;
			remoteGlobalIDString = 30A9319D25050B0F0098D51D;
			remoteInfo = CleanWeather;
		};
		30BF29E62510D1EE0080E187 /* PBXContainerItemProxy */ = {
			isa = PBXContainerItemProxy;
			containerPortal = 30A9319625050B0F0098D51D /* Project object */;
			proxyType = 1;
			remoteGlobalIDString = 30A9319D25050B0F0098D51D;
			remoteInfo = CleanWeather;
		};
		30BF2A022510D27A0080E187 /* PBXContainerItemProxy */ = {
			isa = PBXContainerItemProxy;
			containerPortal = 30A9319625050B0F0098D51D /* Project object */;
			proxyType = 1;
			remoteGlobalIDString = 30A9319D25050B0F0098D51D;
			remoteInfo = CleanWeather;
		};
		30BF2A102510F0B60080E187 /* PBXContainerItemProxy */ = {
			isa = PBXContainerItemProxy;
			containerPortal = 30A9319625050B0F0098D51D /* Project object */;
			proxyType = 1;
			remoteGlobalIDString = 30A9319D25050B0F0098D51D;
			remoteInfo = CleanWeather;
		};
/* End PBXContainerItemProxy section */

/* Begin PBXFileReference section */
		30335399250E739D0046A0BF /* PlaceSearchViewController.swift */ = {isa = PBXFileReference; lastKnownFileType = sourcecode.swift; path = PlaceSearchViewController.swift; sourceTree = "<group>"; };
		3033539B250E73B80046A0BF /* PlaceSearchInteractor.swift */ = {isa = PBXFileReference; lastKnownFileType = sourcecode.swift; path = PlaceSearchInteractor.swift; sourceTree = "<group>"; };
		3033539D250E73C90046A0BF /* PlaceSearchPresenter.swift */ = {isa = PBXFileReference; lastKnownFileType = sourcecode.swift; path = PlaceSearchPresenter.swift; sourceTree = "<group>"; };
		3033539F250E73DD0046A0BF /* PlaceSearchModels.swift */ = {isa = PBXFileReference; lastKnownFileType = sourcecode.swift; path = PlaceSearchModels.swift; sourceTree = "<group>"; };
		303353A1250E73FA0046A0BF /* PlaceSearchNetworkWorker.swift */ = {isa = PBXFileReference; lastKnownFileType = sourcecode.swift; path = PlaceSearchNetworkWorker.swift; sourceTree = "<group>"; };
		303353A3250E75FF0046A0BF /* PlaceSearchRouter.swift */ = {isa = PBXFileReference; lastKnownFileType = sourcecode.swift; path = PlaceSearchRouter.swift; sourceTree = "<group>"; };
		303353A5250E79250046A0BF /* JSONPredictionParser.swift */ = {isa = PBXFileReference; lastKnownFileType = sourcecode.swift; path = JSONPredictionParser.swift; sourceTree = "<group>"; };
		303353A8250E85FE0046A0BF /* PredictionCell.swift */ = {isa = PBXFileReference; lastKnownFileType = sourcecode.swift; path = PredictionCell.swift; sourceTree = "<group>"; };
		303BCCEA250BB55A00C302A2 /* WeatherInfoCell.swift */ = {isa = PBXFileReference; lastKnownFileType = sourcecode.swift; path = WeatherInfoCell.swift; sourceTree = "<group>"; };
		303BCCEC250BB5D000C302A2 /* WeatherInfoCellLayout.swift */ = {isa = PBXFileReference; lastKnownFileType = sourcecode.swift; path = WeatherInfoCellLayout.swift; sourceTree = "<group>"; };
		303BCCEE250BC72B00C302A2 /* WeathersInfoHeaderCell.swift */ = {isa = PBXFileReference; lastKnownFileType = sourcecode.swift; path = WeathersInfoHeaderCell.swift; sourceTree = "<group>"; };
		3044391C250CE2AD00C1D0BC /* WeathersInfoForecastForTimeCell.swift */ = {isa = PBXFileReference; lastKnownFileType = sourcecode.swift; path = WeathersInfoForecastForTimeCell.swift; sourceTree = "<group>"; };
		3056BC8F250BE897000AB456 /* WeathersInfoForecastsCell.swift */ = {isa = PBXFileReference; lastKnownFileType = sourcecode.swift; path = WeathersInfoForecastsCell.swift; sourceTree = "<group>"; };
		3056BC91250BE8B3000AB456 /* WeathersInfoAdditionalInfoCell.swift */ = {isa = PBXFileReference; lastKnownFileType = sourcecode.swift; path = WeathersInfoAdditionalInfoCell.swift; sourceTree = "<group>"; };
		3056BC93250BE8D9000AB456 /* WeathersInfoBaseCell.swift */ = {isa = PBXFileReference; lastKnownFileType = sourcecode.swift; path = WeathersInfoBaseCell.swift; sourceTree = "<group>"; };
		3063884125110A14004BED81 /* CoreDataTest.xctest */ = {isa = PBXFileReference; explicitFileType = wrapper.cfbundle; includeInIndex = 0; path = CoreDataTest.xctest; sourceTree = BUILT_PRODUCTS_DIR; };
		3063884325110A14004BED81 /* CoreDataTest.swift */ = {isa = PBXFileReference; lastKnownFileType = sourcecode.swift; path = CoreDataTest.swift; sourceTree = "<group>"; };
		3063884525110A14004BED81 /* Info.plist */ = {isa = PBXFileReference; lastKnownFileType = text.plist.xml; path = Info.plist; sourceTree = "<group>"; };
		3098D33B250FC03F00F9D37C /* CleanWeatherTests.xctest */ = {isa = PBXFileReference; explicitFileType = wrapper.cfbundle; includeInIndex = 0; path = CleanWeatherTests.xctest; sourceTree = BUILT_PRODUCTS_DIR; };
		3098D33D250FC03F00F9D37C /* CleanWeatherTests.swift */ = {isa = PBXFileReference; lastKnownFileType = sourcecode.swift; path = CleanWeatherTests.swift; sourceTree = "<group>"; };
		3098D33F250FC03F00F9D37C /* Info.plist */ = {isa = PBXFileReference; lastKnownFileType = text.plist.xml; path = Info.plist; sourceTree = "<group>"; };
		3098D351250FD90600F9D37C /* NetworkTests.xctest */ = {isa = PBXFileReference; explicitFileType = wrapper.cfbundle; includeInIndex = 0; path = NetworkTests.xctest; sourceTree = BUILT_PRODUCTS_DIR; };
		3098D353250FD90600F9D37C /* NetworkTests.swift */ = {isa = PBXFileReference; lastKnownFileType = sourcecode.swift; path = NetworkTests.swift; sourceTree = "<group>"; };
		3098D355250FD90600F9D37C /* Info.plist */ = {isa = PBXFileReference; lastKnownFileType = text.plist.xml; path = Info.plist; sourceTree = "<group>"; };
		3098D367250FDBA600F9D37C /* predictionInvalidFormat.txt */ = {isa = PBXFileReference; fileEncoding = 4; lastKnownFileType = text; name = predictionInvalidFormat.txt; path = ../../../../Documents/predictionInvalidFormat.txt; sourceTree = "<group>"; };
		3098D368250FDBA600F9D37C /* predictionValidData.json */ = {isa = PBXFileReference; fileEncoding = 4; lastKnownFileType = text.json; name = predictionValidData.json; path = ../../../../Documents/predictionValidData.json; sourceTree = "<group>"; };
		3098D369250FDBA600F9D37C /* predictionInvalidData.json */ = {isa = PBXFileReference; fileEncoding = 4; lastKnownFileType = text.json; name = predictionInvalidData.json; path = ../../../../Documents/predictionInvalidData.json; sourceTree = "<group>"; };
		3098D381250FE3B600F9D37C /* ListWeathersViewControllerTests.swift */ = {isa = PBXFileReference; lastKnownFileType = sourcecode.swift; path = ListWeathersViewControllerTests.swift; sourceTree = "<group>"; };
		3098D383250FE3B600F9D37C /* Info.plist */ = {isa = PBXFileReference; lastKnownFileType = text.plist.xml; path = Info.plist; sourceTree = "<group>"; };
		30A9319E25050B0F0098D51D /* CleanWeather.app */ = {isa = PBXFileReference; explicitFileType = wrapper.application; includeInIndex = 0; path = CleanWeather.app; sourceTree = BUILT_PRODUCTS_DIR; };
		30A931A125050B0F0098D51D /* AppDelegate.swift */ = {isa = PBXFileReference; lastKnownFileType = sourcecode.swift; path = AppDelegate.swift; sourceTree = "<group>"; };
		30A931A325050B0F0098D51D /* SceneDelegate.swift */ = {isa = PBXFileReference; lastKnownFileType = sourcecode.swift; path = SceneDelegate.swift; sourceTree = "<group>"; };
		30A931A525050B0F0098D51D /* ListWeathersViewController.swift */ = {isa = PBXFileReference; lastKnownFileType = sourcecode.swift; path = ListWeathersViewController.swift; sourceTree = "<group>"; };
		30A931AB25050B0F0098D51D /* CleanWeather.xcdatamodel */ = {isa = PBXFileReference; lastKnownFileType = wrapper.xcdatamodel; path = CleanWeather.xcdatamodel; sourceTree = "<group>"; };
		30A931AD25050B110098D51D /* Assets.xcassets */ = {isa = PBXFileReference; lastKnownFileType = folder.assetcatalog; path = Assets.xcassets; sourceTree = "<group>"; };
		30A931B025050B110098D51D /* Base */ = {isa = PBXFileReference; lastKnownFileType = file.storyboard; name = Base; path = Base.lproj/LaunchScreen.storyboard; sourceTree = "<group>"; };
		30A931B225050B110098D51D /* Info.plist */ = {isa = PBXFileReference; lastKnownFileType = text.plist.xml; path = Info.plist; sourceTree = "<group>"; };
		30A931BA25050E750098D51D /* ListWeathersInteractor.swift */ = {isa = PBXFileReference; lastKnownFileType = sourcecode.swift; path = ListWeathersInteractor.swift; sourceTree = "<group>"; };
		30A931BC25050EF00098D51D /* Weather.swift */ = {isa = PBXFileReference; lastKnownFileType = sourcecode.swift; path = Weather.swift; sourceTree = "<group>"; };
		30A931BF2505104B0098D51D /* ListWeathersPresenter.swift */ = {isa = PBXFileReference; lastKnownFileType = sourcecode.swift; path = ListWeathersPresenter.swift; sourceTree = "<group>"; };
		30A931C1250511DD0098D51D /* CoreDataWorker.swift */ = {isa = PBXFileReference; lastKnownFileType = sourcecode.swift; path = CoreDataWorker.swift; sourceTree = "<group>"; };
		30A931CB250519950098D51D /* ManagedWeather.swift */ = {isa = PBXFileReference; lastKnownFileType = sourcecode.swift; path = ManagedWeather.swift; sourceTree = "<group>"; };
		30A931CD250519AE0098D51D /* ManagedForecast.swift */ = {isa = PBXFileReference; lastKnownFileType = sourcecode.swift; path = ManagedForecast.swift; sourceTree = "<group>"; };
		30A931CF25051E4F0098D51D /* ListWeathersNetworkWorker.swift */ = {isa = PBXFileReference; lastKnownFileType = sourcecode.swift; path = ListWeathersNetworkWorker.swift; sourceTree = "<group>"; };
		30A931D225051EC80098D51D /* CoreDataManager.swift */ = {isa = PBXFileReference; lastKnownFileType = sourcecode.swift; path = CoreDataManager.swift; sourceTree = "<group>"; };
		30A931D4250522060098D51D /* APIKeys.plist */ = {isa = PBXFileReference; lastKnownFileType = text.plist.xml; path = APIKeys.plist; sourceTree = "<group>"; };
		30A931D7250529BF0098D51D /* NetworkManager.swift */ = {isa = PBXFileReference; lastKnownFileType = sourcecode.swift; path = NetworkManager.swift; sourceTree = "<group>"; };
		30A931DA25052D070098D51D /* JSONWeatherParser.swift */ = {isa = PBXFileReference; lastKnownFileType = sourcecode.swift; path = JSONWeatherParser.swift; sourceTree = "<group>"; };
		30A931DC25052DA10098D51D /* ParserProtocol.swift */ = {isa = PBXFileReference; lastKnownFileType = sourcecode.swift; path = ParserProtocol.swift; sourceTree = "<group>"; };
		30A931DE250530D40098D51D /* JSONForecastParser.swift */ = {isa = PBXFileReference; lastKnownFileType = sourcecode.swift; path = JSONForecastParser.swift; sourceTree = "<group>"; };
		30A931E1250533660098D51D /* PlistAccess.swift */ = {isa = PBXFileReference; lastKnownFileType = sourcecode.swift; path = PlistAccess.swift; sourceTree = "<group>"; };
		30A931E32507A9920098D51D /* ListWeathersModels.swift */ = {isa = PBXFileReference; lastKnownFileType = sourcecode.swift; path = ListWeathersModels.swift; sourceTree = "<group>"; };
		30A931E52507F43A0098D51D /* LocationWorker.swift */ = {isa = PBXFileReference; lastKnownFileType = sourcecode.swift; path = LocationWorker.swift; sourceTree = "<group>"; };
		30A931E8250A53CF0098D51D /* WeathersInfoViewController.swift */ = {isa = PBXFileReference; lastKnownFileType = sourcecode.swift; path = WeathersInfoViewController.swift; sourceTree = "<group>"; };
		30A931EA250A53E60098D51D /* WeathersInfoInteractor.swift */ = {isa = PBXFileReference; lastKnownFileType = sourcecode.swift; path = WeathersInfoInteractor.swift; sourceTree = "<group>"; };
		30A931EC250A53F90098D51D /* WeathersInfoPresenter.swift */ = {isa = PBXFileReference; lastKnownFileType = sourcecode.swift; path = WeathersInfoPresenter.swift; sourceTree = "<group>"; };
		30A931EE250A54C50098D51D /* WeathersInfoModels.swift */ = {isa = PBXFileReference; lastKnownFileType = sourcecode.swift; path = WeathersInfoModels.swift; sourceTree = "<group>"; };
		30A931F3250A5E2C0098D51D /* ListWeathersCell.swift */ = {isa = PBXFileReference; lastKnownFileType = sourcecode.swift; path = ListWeathersCell.swift; sourceTree = "<group>"; };
		30A931F5250A5E510098D51D /* ListWeathersCollectionViewLayout.swift */ = {isa = PBXFileReference; lastKnownFileType = sourcecode.swift; path = ListWeathersCollectionViewLayout.swift; sourceTree = "<group>"; };
		30A931F9250A65C90098D51D /* ListWeathersButtonsCell.swift */ = {isa = PBXFileReference; lastKnownFileType = sourcecode.swift; path = ListWeathersButtonsCell.swift; sourceTree = "<group>"; };
		30A931FB250B72210098D51D /* ListWeathersLocationCell.swift */ = {isa = PBXFileReference; lastKnownFileType = sourcecode.swift; path = ListWeathersLocationCell.swift; sourceTree = "<group>"; };
		30A931FD250B7E4A0098D51D /* ListWeathersBaseCell.swift */ = {isa = PBXFileReference; lastKnownFileType = sourcecode.swift; path = ListWeathersBaseCell.swift; sourceTree = "<group>"; };
		30A931FF250B9DAE0098D51D /* ListWeathersRouter.swift */ = {isa = PBXFileReference; lastKnownFileType = sourcecode.swift; path = ListWeathersRouter.swift; sourceTree = "<group>"; };
		30A93201250BAC4C0098D51D /* WeathersInfoRouter.swift */ = {isa = PBXFileReference; lastKnownFileType = sourcecode.swift; path = WeathersInfoRouter.swift; sourceTree = "<group>"; };
		30BF29DB2510B9470080E187 /* NetworkReturnTypeTests.swift */ = {isa = PBXFileReference; lastKnownFileType = sourcecode.swift; path = NetworkReturnTypeTests.swift; sourceTree = "<group>"; };
		30BF29E12510D1EE0080E187 /* ListWeathersViewControllerTests.xctest */ = {isa = PBXFileReference; explicitFileType = wrapper.cfbundle; includeInIndex = 0; path = ListWeathersViewControllerTests.xctest; sourceTree = BUILT_PRODUCTS_DIR; };
		30BF29E32510D1EE0080E187 /* ListWeathersViewControllerTests.swift */ = {isa = PBXFileReference; lastKnownFileType = sourcecode.swift; path = ListWeathersViewControllerTests.swift; sourceTree = "<group>"; };
		30BF29E52510D1EE0080E187 /* Info.plist */ = {isa = PBXFileReference; lastKnownFileType = text.plist.xml; path = Info.plist; sourceTree = "<group>"; };
		30BF29F12510D2160080E187 /* ListWeathersInteractorTests.swift */ = {isa = PBXFileReference; lastKnownFileType = sourcecode.swift; path = ListWeathersInteractorTests.swift; sourceTree = "<group>"; };
		30BF29F32510D2160080E187 /* Info.plist */ = {isa = PBXFileReference; lastKnownFileType = text.plist.xml; path = Info.plist; sourceTree = "<group>"; };
		30BF29FD2510D27A0080E187 /* ListWeathersInteractoTest.xctest */ = {isa = PBXFileReference; explicitFileType = wrapper.cfbundle; includeInIndex = 0; path = ListWeathersInteractoTest.xctest; sourceTree = BUILT_PRODUCTS_DIR; };
		30BF29FF2510D27A0080E187 /* ListWeathersInteractoTest.swift */ = {isa = PBXFileReference; lastKnownFileType = sourcecode.swift; path = ListWeathersInteractoTest.swift; sourceTree = "<group>"; };
		30BF2A012510D27A0080E187 /* Info.plist */ = {isa = PBXFileReference; lastKnownFileType = text.plist.xml; path = Info.plist; sourceTree = "<group>"; };
		30BF2A0B2510F0B60080E187 /* ListWeathersPresenterTests.xctest */ = {isa = PBXFileReference; explicitFileType = wrapper.cfbundle; includeInIndex = 0; path = ListWeathersPresenterTests.xctest; sourceTree = BUILT_PRODUCTS_DIR; };
		30BF2A0D2510F0B60080E187 /* ListWeathersPresenterTests.swift */ = {isa = PBXFileReference; lastKnownFileType = sourcecode.swift; path = ListWeathersPresenterTests.swift; sourceTree = "<group>"; };
		30BF2A0F2510F0B60080E187 /* Info.plist */ = {isa = PBXFileReference; lastKnownFileType = text.plist.xml; path = Info.plist; sourceTree = "<group>"; };
/* End PBXFileReference section */

/* Begin PBXFrameworksBuildPhase section */
		3063883E25110A14004BED81 /* Frameworks */ = {
			isa = PBXFrameworksBuildPhase;
			buildActionMask = 2147483647;
			files = (
			);
			runOnlyForDeploymentPostprocessing = 0;
		};
		3098D338250FC03F00F9D37C /* Frameworks */ = {
			isa = PBXFrameworksBuildPhase;
			buildActionMask = 2147483647;
			files = (
			);
			runOnlyForDeploymentPostprocessing = 0;
		};
		3098D34E250FD90600F9D37C /* Frameworks */ = {
			isa = PBXFrameworksBuildPhase;
			buildActionMask = 2147483647;
			files = (
			);
			runOnlyForDeploymentPostprocessing = 0;
		};
		30A9319B25050B0F0098D51D /* Frameworks */ = {
			isa = PBXFrameworksBuildPhase;
			buildActionMask = 2147483647;
			files = (
			);
			runOnlyForDeploymentPostprocessing = 0;
		};
		30BF29DE2510D1EE0080E187 /* Frameworks */ = {
			isa = PBXFrameworksBuildPhase;
			buildActionMask = 2147483647;
			files = (
			);
			runOnlyForDeploymentPostprocessing = 0;
		};
		30BF29FA2510D27A0080E187 /* Frameworks */ = {
			isa = PBXFrameworksBuildPhase;
			buildActionMask = 2147483647;
			files = (
			);
			runOnlyForDeploymentPostprocessing = 0;
		};
		30BF2A082510F0B60080E187 /* Frameworks */ = {
			isa = PBXFrameworksBuildPhase;
			buildActionMask = 2147483647;
			files = (
			);
			runOnlyForDeploymentPostprocessing = 0;
		};
/* End PBXFrameworksBuildPhase section */

/* Begin PBXGroup section */
		303353A7250E85EE0046A0BF /* View */ = {
			isa = PBXGroup;
			children = (
				303353A8250E85FE0046A0BF /* PredictionCell.swift */,
			);
			path = View;
			sourceTree = "<group>";
		};
		303BCCE7250BB4D700C302A2 /* View */ = {
			isa = PBXGroup;
			children = (
				303BCCEA250BB55A00C302A2 /* WeatherInfoCell.swift */,
				303BCCEC250BB5D000C302A2 /* WeatherInfoCellLayout.swift */,
				3044391B250CE1CE00C1D0BC /* Cells */,
			);
			path = View;
			sourceTree = "<group>";
		};
		3044391B250CE1CE00C1D0BC /* Cells */ = {
			isa = PBXGroup;
			children = (
				3056BC93250BE8D9000AB456 /* WeathersInfoBaseCell.swift */,
				303BCCEE250BC72B00C302A2 /* WeathersInfoHeaderCell.swift */,
				3056BC8F250BE897000AB456 /* WeathersInfoForecastsCell.swift */,
				3056BC91250BE8B3000AB456 /* WeathersInfoAdditionalInfoCell.swift */,
				3044391C250CE2AD00C1D0BC /* WeathersInfoForecastForTimeCell.swift */,
			);
			path = Cells;
			sourceTree = "<group>";
		};
		3063884225110A14004BED81 /* CoreDataTest */ = {
			isa = PBXGroup;
			children = (
				3063884325110A14004BED81 /* CoreDataTest.swift */,
				3063884525110A14004BED81 /* Info.plist */,
			);
			path = CoreDataTest;
			sourceTree = "<group>";
		};
		3098D33C250FC03F00F9D37C /* CleanWeatherTests */ = {
			isa = PBXGroup;
			children = (
				3098D33D250FC03F00F9D37C /* CleanWeatherTests.swift */,
				3098D369250FDBA600F9D37C /* predictionInvalidData.json */,
				3098D367250FDBA600F9D37C /* predictionInvalidFormat.txt */,
				3098D368250FDBA600F9D37C /* predictionValidData.json */,
				3098D33F250FC03F00F9D37C /* Info.plist */,
			);
			path = CleanWeatherTests;
			sourceTree = "<group>";
		};
		3098D352250FD90600F9D37C /* NetworkTests */ = {
			isa = PBXGroup;
			children = (
				30BF29DB2510B9470080E187 /* NetworkReturnTypeTests.swift */,
				3098D353250FD90600F9D37C /* NetworkTests.swift */,
				3098D355250FD90600F9D37C /* Info.plist */,
			);
			path = NetworkTests;
			sourceTree = "<group>";
		};
		3098D380250FE3B600F9D37C /* ListWeathersViewControllerTests */ = {
			isa = PBXGroup;
			children = (
				3098D381250FE3B600F9D37C /* ListWeathersViewControllerTests.swift */,
				3098D383250FE3B600F9D37C /* Info.plist */,
			);
			path = ListWeathersViewControllerTests;
			sourceTree = "<group>";
		};
		30A9319525050B0F0098D51D = {
			isa = PBXGroup;
			children = (
				30A931A025050B0F0098D51D /* CleanWeather */,
				3098D33C250FC03F00F9D37C /* CleanWeatherTests */,
				3098D352250FD90600F9D37C /* NetworkTests */,
				3098D380250FE3B600F9D37C /* ListWeathersViewControllerTests */,
				30BF29E22510D1EE0080E187 /* ListWeathersViewControllerTests */,
				30BF29F02510D2160080E187 /* ListWeathersInteractorTests */,
				30BF29FE2510D27A0080E187 /* ListWeathersInteractoTest */,
				30BF2A0C2510F0B60080E187 /* ListWeathersPresenterTests */,
				3063884225110A14004BED81 /* CoreDataTest */,
				30A9319F25050B0F0098D51D /* Products */,
			);
			sourceTree = "<group>";
		};
		30A9319F25050B0F0098D51D /* Products */ = {
			isa = PBXGroup;
			children = (
				30A9319E25050B0F0098D51D /* CleanWeather.app */,
				3098D33B250FC03F00F9D37C /* CleanWeatherTests.xctest */,
				3098D351250FD90600F9D37C /* NetworkTests.xctest */,
				30BF29E12510D1EE0080E187 /* ListWeathersViewControllerTests.xctest */,
				30BF29FD2510D27A0080E187 /* ListWeathersInteractoTest.xctest */,
				30BF2A0B2510F0B60080E187 /* ListWeathersPresenterTests.xctest */,
				3063884125110A14004BED81 /* CoreDataTest.xctest */,
			);
			name = Products;
			sourceTree = "<group>";
		};
		30A931A025050B0F0098D51D /* CleanWeather */ = {
			isa = PBXGroup;
			children = (
				30A931D125051EAF0098D51D /* Managers */,
				30A931BE25050EFB0098D51D /* Models */,
				30A931B825050CBA0098D51D /* Scenes */,
				30A931A125050B0F0098D51D /* AppDelegate.swift */,
				30A931A325050B0F0098D51D /* SceneDelegate.swift */,
				30A931AD25050B110098D51D /* Assets.xcassets */,
				30A931AF25050B110098D51D /* LaunchScreen.storyboard */,
				30A931B225050B110098D51D /* Info.plist */,
				30A931AA25050B0F0098D51D /* CleanWeather.xcdatamodeld */,
				30A931D4250522060098D51D /* APIKeys.plist */,
				30A931D925052CE00098D51D /* Parsers */,
				30A931E0250533470098D51D /* Helpers */,
			);
			path = CleanWeather;
			sourceTree = "<group>";
		};
		30A931B825050CBA0098D51D /* Scenes */ = {
			isa = PBXGroup;
			children = (
				30A931B925050CD40098D51D /* ListWeathers */,
				30A931E7250A53510098D51D /* WeathersInfo */,
				30A931D6250522E80098D51D /* PlaceSearch */,
			);
			path = Scenes;
			sourceTree = "<group>";
		};
		30A931B925050CD40098D51D /* ListWeathers */ = {
			isa = PBXGroup;
			children = (
				30A931F2250A5DFE0098D51D /* View */,
				30A931A525050B0F0098D51D /* ListWeathersViewController.swift */,
				30A931BA25050E750098D51D /* ListWeathersInteractor.swift */,
				30A931BF2505104B0098D51D /* ListWeathersPresenter.swift */,
				30A931E32507A9920098D51D /* ListWeathersModels.swift */,
				30A931C1250511DD0098D51D /* CoreDataWorker.swift */,
				30A931CF25051E4F0098D51D /* ListWeathersNetworkWorker.swift */,
				30A931E52507F43A0098D51D /* LocationWorker.swift */,
				30A931FF250B9DAE0098D51D /* ListWeathersRouter.swift */,
			);
			path = ListWeathers;
			sourceTree = "<group>";
		};
		30A931BE25050EFB0098D51D /* Models */ = {
			isa = PBXGroup;
			children = (
				30A931BC25050EF00098D51D /* Weather.swift */,
				30A931CB250519950098D51D /* ManagedWeather.swift */,
				30A931CD250519AE0098D51D /* ManagedForecast.swift */,
			);
			path = Models;
			sourceTree = "<group>";
		};
		30A931D125051EAF0098D51D /* Managers */ = {
			isa = PBXGroup;
			children = (
				30A931D225051EC80098D51D /* CoreDataManager.swift */,
				30A931D7250529BF0098D51D /* NetworkManager.swift */,
			);
			path = Managers;
			sourceTree = "<group>";
		};
		30A931D6250522E80098D51D /* PlaceSearch */ = {
			isa = PBXGroup;
			children = (
				303353A7250E85EE0046A0BF /* View */,
				30335399250E739D0046A0BF /* PlaceSearchViewController.swift */,
				3033539B250E73B80046A0BF /* PlaceSearchInteractor.swift */,
				3033539D250E73C90046A0BF /* PlaceSearchPresenter.swift */,
				3033539F250E73DD0046A0BF /* PlaceSearchModels.swift */,
				303353A1250E73FA0046A0BF /* PlaceSearchNetworkWorker.swift */,
				303353A3250E75FF0046A0BF /* PlaceSearchRouter.swift */,
			);
			path = PlaceSearch;
			sourceTree = "<group>";
		};
		30A931D925052CE00098D51D /* Parsers */ = {
			isa = PBXGroup;
			children = (
				30A931DA25052D070098D51D /* JSONWeatherParser.swift */,
				30A931DE250530D40098D51D /* JSONForecastParser.swift */,
				303353A5250E79250046A0BF /* JSONPredictionParser.swift */,
				30A931DC25052DA10098D51D /* ParserProtocol.swift */,
			);
			path = Parsers;
			sourceTree = "<group>";
		};
		30A931E0250533470098D51D /* Helpers */ = {
			isa = PBXGroup;
			children = (
				30A931E1250533660098D51D /* PlistAccess.swift */,
			);
			path = Helpers;
			sourceTree = "<group>";
		};
		30A931E7250A53510098D51D /* WeathersInfo */ = {
			isa = PBXGroup;
			children = (
				303BCCE7250BB4D700C302A2 /* View */,
				30A931E8250A53CF0098D51D /* WeathersInfoViewController.swift */,
				30A931EA250A53E60098D51D /* WeathersInfoInteractor.swift */,
				30A931EC250A53F90098D51D /* WeathersInfoPresenter.swift */,
				30A931EE250A54C50098D51D /* WeathersInfoModels.swift */,
				30A93201250BAC4C0098D51D /* WeathersInfoRouter.swift */,
			);
			path = WeathersInfo;
			sourceTree = "<group>";
		};
		30A931F2250A5DFE0098D51D /* View */ = {
			isa = PBXGroup;
			children = (
				30A931FB250B72210098D51D /* ListWeathersLocationCell.swift */,
				30A931F3250A5E2C0098D51D /* ListWeathersCell.swift */,
				30A931F9250A65C90098D51D /* ListWeathersButtonsCell.swift */,
				30A931F5250A5E510098D51D /* ListWeathersCollectionViewLayout.swift */,
				30A931FD250B7E4A0098D51D /* ListWeathersBaseCell.swift */,
			);
			path = View;
			sourceTree = "<group>";
		};
		30BF29E22510D1EE0080E187 /* ListWeathersViewControllerTests */ = {
			isa = PBXGroup;
			children = (
				30BF29E32510D1EE0080E187 /* ListWeathersViewControllerTests.swift */,
				30BF29E52510D1EE0080E187 /* Info.plist */,
			);
			path = ListWeathersViewControllerTests;
			sourceTree = "<group>";
		};
		30BF29F02510D2160080E187 /* ListWeathersInteractorTests */ = {
			isa = PBXGroup;
			children = (
				30BF29F12510D2160080E187 /* ListWeathersInteractorTests.swift */,
				30BF29F32510D2160080E187 /* Info.plist */,
			);
			path = ListWeathersInteractorTests;
			sourceTree = "<group>";
		};
		30BF29FE2510D27A0080E187 /* ListWeathersInteractoTest */ = {
			isa = PBXGroup;
			children = (
				30BF29FF2510D27A0080E187 /* ListWeathersInteractoTest.swift */,
				30BF2A012510D27A0080E187 /* Info.plist */,
			);
			path = ListWeathersInteractoTest;
			sourceTree = "<group>";
		};
		30BF2A0C2510F0B60080E187 /* ListWeathersPresenterTests */ = {
			isa = PBXGroup;
			children = (
				30BF2A0D2510F0B60080E187 /* ListWeathersPresenterTests.swift */,
				30BF2A0F2510F0B60080E187 /* Info.plist */,
			);
			path = ListWeathersPresenterTests;
			sourceTree = "<group>";
		};
/* End PBXGroup section */

/* Begin PBXNativeTarget section */
		3063884025110A14004BED81 /* CoreDataTest */ = {
			isa = PBXNativeTarget;
			buildConfigurationList = 3063884A25110A14004BED81 /* Build configuration list for PBXNativeTarget "CoreDataTest" */;
			buildPhases = (
				3063883D25110A14004BED81 /* Sources */,
				3063883E25110A14004BED81 /* Frameworks */,
				3063883F25110A14004BED81 /* Resources */,
			);
			buildRules = (
			);
			dependencies = (
				3063884725110A14004BED81 /* PBXTargetDependency */,
			);
			name = CoreDataTest;
			productName = CoreDataTest;
			productReference = 3063884125110A14004BED81 /* CoreDataTest.xctest */;
			productType = "com.apple.product-type.bundle.unit-test";
		};
		3098D33A250FC03F00F9D37C /* CleanWeatherTests */ = {
			isa = PBXNativeTarget;
			buildConfigurationList = 3098D344250FC03F00F9D37C /* Build configuration list for PBXNativeTarget "CleanWeatherTests" */;
			buildPhases = (
				3098D337250FC03F00F9D37C /* Sources */,
				3098D338250FC03F00F9D37C /* Frameworks */,
				3098D339250FC03F00F9D37C /* Resources */,
			);
			buildRules = (
			);
			dependencies = (
				3098D341250FC03F00F9D37C /* PBXTargetDependency */,
			);
			name = CleanWeatherTests;
			productName = CleanWeatherTests;
			productReference = 3098D33B250FC03F00F9D37C /* CleanWeatherTests.xctest */;
			productType = "com.apple.product-type.bundle.unit-test";
		};
		3098D350250FD90600F9D37C /* NetworkTests */ = {
			isa = PBXNativeTarget;
			buildConfigurationList = 3098D358250FD90600F9D37C /* Build configuration list for PBXNativeTarget "NetworkTests" */;
			buildPhases = (
				3098D34D250FD90600F9D37C /* Sources */,
				3098D34E250FD90600F9D37C /* Frameworks */,
				3098D34F250FD90600F9D37C /* Resources */,
			);
			buildRules = (
			);
			dependencies = (
				3098D357250FD90600F9D37C /* PBXTargetDependency */,
			);
			name = NetworkTests;
			productName = NetworkTests;
			productReference = 3098D351250FD90600F9D37C /* NetworkTests.xctest */;
			productType = "com.apple.product-type.bundle.unit-test";
		};
		30A9319D25050B0F0098D51D /* CleanWeather */ = {
			isa = PBXNativeTarget;
			buildConfigurationList = 30A931B525050B110098D51D /* Build configuration list for PBXNativeTarget "CleanWeather" */;
			buildPhases = (
				30A9319A25050B0F0098D51D /* Sources */,
				30A9319B25050B0F0098D51D /* Frameworks */,
				30A9319C25050B0F0098D51D /* Resources */,
			);
			buildRules = (
			);
			dependencies = (
			);
			name = CleanWeather;
			productName = CleanWeather;
			productReference = 30A9319E25050B0F0098D51D /* CleanWeather.app */;
			productType = "com.apple.product-type.application";
		};
		30BF29E02510D1EE0080E187 /* ListWeathersViewControllerTests */ = {
			isa = PBXNativeTarget;
			buildConfigurationList = 30BF29E82510D1EE0080E187 /* Build configuration list for PBXNativeTarget "ListWeathersViewControllerTests" */;
			buildPhases = (
				30BF29DD2510D1EE0080E187 /* Sources */,
				30BF29DE2510D1EE0080E187 /* Frameworks */,
				30BF29DF2510D1EE0080E187 /* Resources */,
			);
			buildRules = (
			);
			dependencies = (
				30BF29E72510D1EE0080E187 /* PBXTargetDependency */,
			);
			name = ListWeathersViewControllerTests;
			productName = ListWeathersViewControllerTests;
			productReference = 30BF29E12510D1EE0080E187 /* ListWeathersViewControllerTests.xctest */;
			productType = "com.apple.product-type.bundle.unit-test";
		};
		30BF29FC2510D27A0080E187 /* ListWeathersInteractoTest */ = {
			isa = PBXNativeTarget;
			buildConfigurationList = 30BF2A042510D27A0080E187 /* Build configuration list for PBXNativeTarget "ListWeathersInteractoTest" */;
			buildPhases = (
				30BF29F92510D27A0080E187 /* Sources */,
				30BF29FA2510D27A0080E187 /* Frameworks */,
				30BF29FB2510D27A0080E187 /* Resources */,
			);
			buildRules = (
			);
			dependencies = (
				30BF2A032510D27A0080E187 /* PBXTargetDependency */,
			);
			name = ListWeathersInteractoTest;
			productName = ListWeathersInteractoTest;
			productReference = 30BF29FD2510D27A0080E187 /* ListWeathersInteractoTest.xctest */;
			productType = "com.apple.product-type.bundle.unit-test";
		};
		30BF2A0A2510F0B60080E187 /* ListWeathersPresenterTests */ = {
			isa = PBXNativeTarget;
			buildConfigurationList = 30BF2A122510F0B60080E187 /* Build configuration list for PBXNativeTarget "ListWeathersPresenterTests" */;
			buildPhases = (
				30BF2A072510F0B60080E187 /* Sources */,
				30BF2A082510F0B60080E187 /* Frameworks */,
				30BF2A092510F0B60080E187 /* Resources */,
			);
			buildRules = (
			);
			dependencies = (
				30BF2A112510F0B60080E187 /* PBXTargetDependency */,
			);
			name = ListWeathersPresenterTests;
			productName = ListWeathersPresenterTests;
			productReference = 30BF2A0B2510F0B60080E187 /* ListWeathersPresenterTests.xctest */;
			productType = "com.apple.product-type.bundle.unit-test";
		};
/* End PBXNativeTarget section */

/* Begin PBXProject section */
		30A9319625050B0F0098D51D /* Project object */ = {
			isa = PBXProject;
			attributes = {
				LastSwiftUpdateCheck = 1170;
				LastUpgradeCheck = 1170;
				ORGANIZATIONNAME = 18592232;
				TargetAttributes = {
					3063884025110A14004BED81 = {
						CreatedOnToolsVersion = 11.7;
						TestTargetID = 30A9319D25050B0F0098D51D;
					};
					3098D33A250FC03F00F9D37C = {
						CreatedOnToolsVersion = 11.7;
						TestTargetID = 30A9319D25050B0F0098D51D;
					};
					3098D350250FD90600F9D37C = {
						CreatedOnToolsVersion = 11.7;
						TestTargetID = 30A9319D25050B0F0098D51D;
					};
					30A9319D25050B0F0098D51D = {
						CreatedOnToolsVersion = 11.7;
					};
					30BF29E02510D1EE0080E187 = {
						CreatedOnToolsVersion = 11.7;
						TestTargetID = 30A9319D25050B0F0098D51D;
					};
					30BF29FC2510D27A0080E187 = {
						CreatedOnToolsVersion = 11.7;
						TestTargetID = 30A9319D25050B0F0098D51D;
					};
					30BF2A0A2510F0B60080E187 = {
						CreatedOnToolsVersion = 11.7;
						TestTargetID = 30A9319D25050B0F0098D51D;
					};
				};
			};
			buildConfigurationList = 30A9319925050B0F0098D51D /* Build configuration list for PBXProject "CleanWeather" */;
			compatibilityVersion = "Xcode 9.3";
			developmentRegion = en;
			hasScannedForEncodings = 0;
			knownRegions = (
				en,
				Base,
			);
			mainGroup = 30A9319525050B0F0098D51D;
			productRefGroup = 30A9319F25050B0F0098D51D /* Products */;
			projectDirPath = "";
			projectRoot = "";
			targets = (
				30A9319D25050B0F0098D51D /* CleanWeather */,
				3098D33A250FC03F00F9D37C /* CleanWeatherTests */,
				3098D350250FD90600F9D37C /* NetworkTests */,
				30BF29E02510D1EE0080E187 /* ListWeathersViewControllerTests */,
				30BF29FC2510D27A0080E187 /* ListWeathersInteractoTest */,
				30BF2A0A2510F0B60080E187 /* ListWeathersPresenterTests */,
				3063884025110A14004BED81 /* CoreDataTest */,
			);
		};
/* End PBXProject section */

/* Begin PBXResourcesBuildPhase section */
		3063883F25110A14004BED81 /* Resources */ = {
			isa = PBXResourcesBuildPhase;
			buildActionMask = 2147483647;
			files = (
			);
			runOnlyForDeploymentPostprocessing = 0;
		};
		3098D339250FC03F00F9D37C /* Resources */ = {
			isa = PBXResourcesBuildPhase;
			buildActionMask = 2147483647;
			files = (
				3098D36A250FDBA600F9D37C /* predictionInvalidFormat.txt in Resources */,
				3098D36C250FDBA600F9D37C /* predictionInvalidData.json in Resources */,
				3098D36B250FDBA600F9D37C /* predictionValidData.json in Resources */,
			);
			runOnlyForDeploymentPostprocessing = 0;
		};
		3098D34F250FD90600F9D37C /* Resources */ = {
			isa = PBXResourcesBuildPhase;
			buildActionMask = 2147483647;
			files = (
			);
			runOnlyForDeploymentPostprocessing = 0;
		};
		30A9319C25050B0F0098D51D /* Resources */ = {
			isa = PBXResourcesBuildPhase;
			buildActionMask = 2147483647;
			files = (
				30A931D5250522060098D51D /* APIKeys.plist in Resources */,
				30A931B125050B110098D51D /* LaunchScreen.storyboard in Resources */,
				30A931AE25050B110098D51D /* Assets.xcassets in Resources */,
			);
			runOnlyForDeploymentPostprocessing = 0;
		};
		30BF29DF2510D1EE0080E187 /* Resources */ = {
			isa = PBXResourcesBuildPhase;
			buildActionMask = 2147483647;
			files = (
			);
			runOnlyForDeploymentPostprocessing = 0;
		};
		30BF29FB2510D27A0080E187 /* Resources */ = {
			isa = PBXResourcesBuildPhase;
			buildActionMask = 2147483647;
			files = (
			);
			runOnlyForDeploymentPostprocessing = 0;
		};
		30BF2A092510F0B60080E187 /* Resources */ = {
			isa = PBXResourcesBuildPhase;
			buildActionMask = 2147483647;
			files = (
			);
			runOnlyForDeploymentPostprocessing = 0;
		};
/* End PBXResourcesBuildPhase section */

/* Begin PBXSourcesBuildPhase section */
		3063883D25110A14004BED81 /* Sources */ = {
			isa = PBXSourcesBuildPhase;
			buildActionMask = 2147483647;
			files = (
				3063884425110A14004BED81 /* CoreDataTest.swift in Sources */,
			);
			runOnlyForDeploymentPostprocessing = 0;
		};
		3098D337250FC03F00F9D37C /* Sources */ = {
			isa = PBXSourcesBuildPhase;
			buildActionMask = 2147483647;
			files = (
				3098D33E250FC03F00F9D37C /* CleanWeatherTests.swift in Sources */,
			);
			runOnlyForDeploymentPostprocessing = 0;
		};
		3098D34D250FD90600F9D37C /* Sources */ = {
			isa = PBXSourcesBuildPhase;
			buildActionMask = 2147483647;
			files = (
				30BF29DC2510B9470080E187 /* NetworkReturnTypeTests.swift in Sources */,
				3098D354250FD90600F9D37C /* NetworkTests.swift in Sources */,
			);
			runOnlyForDeploymentPostprocessing = 0;
		};
		30A9319A25050B0F0098D51D /* Sources */ = {
			isa = PBXSourcesBuildPhase;
			buildActionMask = 2147483647;
			files = (
				3033539E250E73C90046A0BF /* PlaceSearchPresenter.swift in Sources */,
				30A931EB250A53E60098D51D /* WeathersInfoInteractor.swift in Sources */,
				30A931E42507A9920098D51D /* ListWeathersModels.swift in Sources */,
				3033539A250E739D0046A0BF /* PlaceSearchViewController.swift in Sources */,
				30A931CE250519AE0098D51D /* ManagedForecast.swift in Sources */,
				303353A6250E79250046A0BF /* JSONPredictionParser.swift in Sources */,
				30A931EF250A54C50098D51D /* WeathersInfoModels.swift in Sources */,
				303BCCEB250BB55A00C302A2 /* WeatherInfoCell.swift in Sources */,
				30A931DF250530D40098D51D /* JSONForecastParser.swift in Sources */,
				30A931AC25050B0F0098D51D /* CleanWeather.xcdatamodeld in Sources */,
				30A931E2250533660098D51D /* PlistAccess.swift in Sources */,
				3033539C250E73B80046A0BF /* PlaceSearchInteractor.swift in Sources */,
				30A931CC250519950098D51D /* ManagedWeather.swift in Sources */,
				3044391D250CE2AD00C1D0BC /* WeathersInfoForecastForTimeCell.swift in Sources */,
				30A931D8250529BF0098D51D /* NetworkManager.swift in Sources */,
				303BCCEF250BC72B00C302A2 /* WeathersInfoHeaderCell.swift in Sources */,
				3056BC90250BE897000AB456 /* WeathersInfoForecastsCell.swift in Sources */,
				30A93202250BAC4C0098D51D /* WeathersInfoRouter.swift in Sources */,
				30A931FC250B72210098D51D /* ListWeathersLocationCell.swift in Sources */,
				303353A2250E73FA0046A0BF /* PlaceSearchNetworkWorker.swift in Sources */,
				30A931A625050B0F0098D51D /* ListWeathersViewController.swift in Sources */,
				30A931FE250B7E4A0098D51D /* ListWeathersBaseCell.swift in Sources */,
				303353A0250E73DD0046A0BF /* PlaceSearchModels.swift in Sources */,
				303353A9250E85FE0046A0BF /* PredictionCell.swift in Sources */,
				30A931A225050B0F0098D51D /* AppDelegate.swift in Sources */,
				303353A4250E75FF0046A0BF /* PlaceSearchRouter.swift in Sources */,
				30A931BB25050E750098D51D /* ListWeathersInteractor.swift in Sources */,
				30A931E9250A53CF0098D51D /* WeathersInfoViewController.swift in Sources */,
				30A931F4250A5E2C0098D51D /* ListWeathersCell.swift in Sources */,
				30A931D325051EC80098D51D /* CoreDataManager.swift in Sources */,
				30A93200250B9DAE0098D51D /* ListWeathersRouter.swift in Sources */,
				30A931DD25052DA10098D51D /* ParserProtocol.swift in Sources */,
				303BCCED250BB5D000C302A2 /* WeatherInfoCellLayout.swift in Sources */,
				30A931D025051E4F0098D51D /* ListWeathersNetworkWorker.swift in Sources */,
				30A931F6250A5E510098D51D /* ListWeathersCollectionViewLayout.swift in Sources */,
				3056BC92250BE8B3000AB456 /* WeathersInfoAdditionalInfoCell.swift in Sources */,
				30A931ED250A53F90098D51D /* WeathersInfoPresenter.swift in Sources */,
				30A931E62507F43A0098D51D /* LocationWorker.swift in Sources */,
				30A931C2250511DD0098D51D /* CoreDataWorker.swift in Sources */,
				30A931BD25050EF00098D51D /* Weather.swift in Sources */,
				3056BC94250BE8D9000AB456 /* WeathersInfoBaseCell.swift in Sources */,
				30A931FA250A65C90098D51D /* ListWeathersButtonsCell.swift in Sources */,
				30A931C02505104B0098D51D /* ListWeathersPresenter.swift in Sources */,
				30A931A425050B0F0098D51D /* SceneDelegate.swift in Sources */,
				30A931DB25052D070098D51D /* JSONWeatherParser.swift in Sources */,
			);
			runOnlyForDeploymentPostprocessing = 0;
		};
		30BF29DD2510D1EE0080E187 /* Sources */ = {
			isa = PBXSourcesBuildPhase;
			buildActionMask = 2147483647;
			files = (
				30BF29E42510D1EE0080E187 /* ListWeathersViewControllerTests.swift in Sources */,
			);
			runOnlyForDeploymentPostprocessing = 0;
		};
		30BF29F92510D27A0080E187 /* Sources */ = {
			isa = PBXSourcesBuildPhase;
			buildActionMask = 2147483647;
			files = (
				30BF2A002510D27A0080E187 /* ListWeathersInteractoTest.swift in Sources */,
			);
			runOnlyForDeploymentPostprocessing = 0;
		};
		30BF2A072510F0B60080E187 /* Sources */ = {
			isa = PBXSourcesBuildPhase;
			buildActionMask = 2147483647;
			files = (
				30BF2A0E2510F0B60080E187 /* ListWeathersPresenterTests.swift in Sources */,
			);
			runOnlyForDeploymentPostprocessing = 0;
		};
/* End PBXSourcesBuildPhase section */

/* Begin PBXTargetDependency section */
		3063884725110A14004BED81 /* PBXTargetDependency */ = {
			isa = PBXTargetDependency;
			target = 30A9319D25050B0F0098D51D /* CleanWeather */;
			targetProxy = 3063884625110A14004BED81 /* PBXContainerItemProxy */;
		};
		3098D341250FC03F00F9D37C /* PBXTargetDependency */ = {
			isa = PBXTargetDependency;
			target = 30A9319D25050B0F0098D51D /* CleanWeather */;
			targetProxy = 3098D340250FC03F00F9D37C /* PBXContainerItemProxy */;
		};
		3098D357250FD90600F9D37C /* PBXTargetDependency */ = {
			isa = PBXTargetDependency;
			target = 30A9319D25050B0F0098D51D /* CleanWeather */;
			targetProxy = 3098D356250FD90600F9D37C /* PBXContainerItemProxy */;
		};
		30BF29E72510D1EE0080E187 /* PBXTargetDependency */ = {
			isa = PBXTargetDependency;
			target = 30A9319D25050B0F0098D51D /* CleanWeather */;
			targetProxy = 30BF29E62510D1EE0080E187 /* PBXContainerItemProxy */;
		};
		30BF2A032510D27A0080E187 /* PBXTargetDependency */ = {
			isa = PBXTargetDependency;
			target = 30A9319D25050B0F0098D51D /* CleanWeather */;
			targetProxy = 30BF2A022510D27A0080E187 /* PBXContainerItemProxy */;
		};
		30BF2A112510F0B60080E187 /* PBXTargetDependency */ = {
			isa = PBXTargetDependency;
			target = 30A9319D25050B0F0098D51D /* CleanWeather */;
			targetProxy = 30BF2A102510F0B60080E187 /* PBXContainerItemProxy */;
		};
/* End PBXTargetDependency section */

/* Begin PBXVariantGroup section */
		30A931AF25050B110098D51D /* LaunchScreen.storyboard */ = {
			isa = PBXVariantGroup;
			children = (
				30A931B025050B110098D51D /* Base */,
			);
			name = LaunchScreen.storyboard;
			sourceTree = "<group>";
		};
/* End PBXVariantGroup section */

/* Begin XCBuildConfiguration section */
		3063884825110A14004BED81 /* Debug */ = {
			isa = XCBuildConfiguration;
			buildSettings = {
				BUNDLE_LOADER = "$(TEST_HOST)";
				CODE_SIGN_STYLE = Automatic;
				INFOPLIST_FILE = CoreDataTest/Info.plist;
				LD_RUNPATH_SEARCH_PATHS = (
					"$(inherited)",
					"@executable_path/Frameworks",
					"@loader_path/Frameworks",
				);
				PRODUCT_BUNDLE_IDENTIFIER = com.semenov.CoreDataTest;
				PRODUCT_NAME = "$(TARGET_NAME)";
				SWIFT_VERSION = 5.0;
				TARGETED_DEVICE_FAMILY = "1,2";
				TEST_HOST = "$(BUILT_PRODUCTS_DIR)/CleanWeather.app/CleanWeather";
			};
			name = Debug;
		};
		3063884925110A14004BED81 /* Release */ = {
			isa = XCBuildConfiguration;
			buildSettings = {
				BUNDLE_LOADER = "$(TEST_HOST)";
				CODE_SIGN_STYLE = Automatic;
				INFOPLIST_FILE = CoreDataTest/Info.plist;
				LD_RUNPATH_SEARCH_PATHS = (
					"$(inherited)",
					"@executable_path/Frameworks",
					"@loader_path/Frameworks",
				);
				PRODUCT_BUNDLE_IDENTIFIER = com.semenov.CoreDataTest;
				PRODUCT_NAME = "$(TARGET_NAME)";
				SWIFT_VERSION = 5.0;
				TARGETED_DEVICE_FAMILY = "1,2";
				TEST_HOST = "$(BUILT_PRODUCTS_DIR)/CleanWeather.app/CleanWeather";
			};
			name = Release;
		};
		3098D342250FC03F00F9D37C /* Debug */ = {
			isa = XCBuildConfiguration;
			buildSettings = {
				BUNDLE_LOADER = "$(TEST_HOST)";
				CODE_SIGN_STYLE = Automatic;
				INFOPLIST_FILE = CleanWeatherTests/Info.plist;
				LD_RUNPATH_SEARCH_PATHS = (
					"$(inherited)",
					"@executable_path/Frameworks",
					"@loader_path/Frameworks",
				);
				PRODUCT_BUNDLE_IDENTIFIER = com.semenov.CleanWeatherTests;
				PRODUCT_NAME = "$(TARGET_NAME)";
				SWIFT_VERSION = 5.0;
				TARGETED_DEVICE_FAMILY = "1,2";
				TEST_HOST = "$(BUILT_PRODUCTS_DIR)/CleanWeather.app/CleanWeather";
			};
			name = Debug;
		};
		3098D343250FC03F00F9D37C /* Release */ = {
			isa = XCBuildConfiguration;
			buildSettings = {
				BUNDLE_LOADER = "$(TEST_HOST)";
				CODE_SIGN_STYLE = Automatic;
				INFOPLIST_FILE = CleanWeatherTests/Info.plist;
				LD_RUNPATH_SEARCH_PATHS = (
					"$(inherited)",
					"@executable_path/Frameworks",
					"@loader_path/Frameworks",
				);
				PRODUCT_BUNDLE_IDENTIFIER = com.semenov.CleanWeatherTests;
				PRODUCT_NAME = "$(TARGET_NAME)";
				SWIFT_VERSION = 5.0;
				TARGETED_DEVICE_FAMILY = "1,2";
				TEST_HOST = "$(BUILT_PRODUCTS_DIR)/CleanWeather.app/CleanWeather";
			};
			name = Release;
		};
		3098D359250FD90600F9D37C /* Debug */ = {
			isa = XCBuildConfiguration;
			buildSettings = {
				BUNDLE_LOADER = "$(TEST_HOST)";
				CODE_SIGN_STYLE = Automatic;
				INFOPLIST_FILE = NetworkTests/Info.plist;
				LD_RUNPATH_SEARCH_PATHS = (
					"$(inherited)",
					"@executable_path/Frameworks",
					"@loader_path/Frameworks",
				);
				PRODUCT_BUNDLE_IDENTIFIER = com.semenov.NetworkTests;
				PRODUCT_NAME = "$(TARGET_NAME)";
				SWIFT_VERSION = 5.0;
				TARGETED_DEVICE_FAMILY = "1,2";
				TEST_HOST = "$(BUILT_PRODUCTS_DIR)/CleanWeather.app/CleanWeather";
			};
			name = Debug;
		};
		3098D35A250FD90600F9D37C /* Release */ = {
			isa = XCBuildConfiguration;
			buildSettings = {
				BUNDLE_LOADER = "$(TEST_HOST)";
				CODE_SIGN_STYLE = Automatic;
				INFOPLIST_FILE = NetworkTests/Info.plist;
				LD_RUNPATH_SEARCH_PATHS = (
					"$(inherited)",
					"@executable_path/Frameworks",
					"@loader_path/Frameworks",
				);
				PRODUCT_BUNDLE_IDENTIFIER = com.semenov.NetworkTests;
				PRODUCT_NAME = "$(TARGET_NAME)";
				SWIFT_VERSION = 5.0;
				TARGETED_DEVICE_FAMILY = "1,2";
				TEST_HOST = "$(BUILT_PRODUCTS_DIR)/CleanWeather.app/CleanWeather";
			};
			name = Release;
		};
		30A931B325050B110098D51D /* Debug */ = {
			isa = XCBuildConfiguration;
			buildSettings = {
				ALWAYS_SEARCH_USER_PATHS = NO;
				CLANG_ANALYZER_NONNULL = YES;
				CLANG_ANALYZER_NUMBER_OBJECT_CONVERSION = YES_AGGRESSIVE;
				CLANG_CXX_LANGUAGE_STANDARD = "gnu++14";
				CLANG_CXX_LIBRARY = "libc++";
				CLANG_ENABLE_MODULES = YES;
				CLANG_ENABLE_OBJC_ARC = YES;
				CLANG_ENABLE_OBJC_WEAK = YES;
				CLANG_WARN_BLOCK_CAPTURE_AUTORELEASING = YES;
				CLANG_WARN_BOOL_CONVERSION = YES;
				CLANG_WARN_COMMA = YES;
				CLANG_WARN_CONSTANT_CONVERSION = YES;
				CLANG_WARN_DEPRECATED_OBJC_IMPLEMENTATIONS = YES;
				CLANG_WARN_DIRECT_OBJC_ISA_USAGE = YES_ERROR;
				CLANG_WARN_DOCUMENTATION_COMMENTS = YES;
				CLANG_WARN_EMPTY_BODY = YES;
				CLANG_WARN_ENUM_CONVERSION = YES;
				CLANG_WARN_INFINITE_RECURSION = YES;
				CLANG_WARN_INT_CONVERSION = YES;
				CLANG_WARN_NON_LITERAL_NULL_CONVERSION = YES;
				CLANG_WARN_OBJC_IMPLICIT_RETAIN_SELF = YES;
				CLANG_WARN_OBJC_LITERAL_CONVERSION = YES;
				CLANG_WARN_OBJC_ROOT_CLASS = YES_ERROR;
				CLANG_WARN_RANGE_LOOP_ANALYSIS = YES;
				CLANG_WARN_STRICT_PROTOTYPES = YES;
				CLANG_WARN_SUSPICIOUS_MOVE = YES;
				CLANG_WARN_UNGUARDED_AVAILABILITY = YES_AGGRESSIVE;
				CLANG_WARN_UNREACHABLE_CODE = YES;
				CLANG_WARN__DUPLICATE_METHOD_MATCH = YES;
				COPY_PHASE_STRIP = NO;
				DEBUG_INFORMATION_FORMAT = dwarf;
				ENABLE_STRICT_OBJC_MSGSEND = YES;
				ENABLE_TESTABILITY = YES;
				GCC_C_LANGUAGE_STANDARD = gnu11;
				GCC_DYNAMIC_NO_PIC = NO;
				GCC_NO_COMMON_BLOCKS = YES;
				GCC_OPTIMIZATION_LEVEL = 0;
				GCC_PREPROCESSOR_DEFINITIONS = (
					"DEBUG=1",
					"$(inherited)",
				);
				GCC_WARN_64_TO_32_BIT_CONVERSION = YES;
				GCC_WARN_ABOUT_RETURN_TYPE = YES_ERROR;
				GCC_WARN_UNDECLARED_SELECTOR = YES;
				GCC_WARN_UNINITIALIZED_AUTOS = YES_AGGRESSIVE;
				GCC_WARN_UNUSED_FUNCTION = YES;
				GCC_WARN_UNUSED_VARIABLE = YES;
				IPHONEOS_DEPLOYMENT_TARGET = 13.7;
				MTL_ENABLE_DEBUG_INFO = INCLUDE_SOURCE;
				MTL_FAST_MATH = YES;
				ONLY_ACTIVE_ARCH = YES;
				SDKROOT = iphoneos;
				SWIFT_ACTIVE_COMPILATION_CONDITIONS = DEBUG;
				SWIFT_OPTIMIZATION_LEVEL = "-Onone";
			};
			name = Debug;
		};
		30A931B425050B110098D51D /* Release */ = {
			isa = XCBuildConfiguration;
			buildSettings = {
				ALWAYS_SEARCH_USER_PATHS = NO;
				CLANG_ANALYZER_NONNULL = YES;
				CLANG_ANALYZER_NUMBER_OBJECT_CONVERSION = YES_AGGRESSIVE;
				CLANG_CXX_LANGUAGE_STANDARD = "gnu++14";
				CLANG_CXX_LIBRARY = "libc++";
				CLANG_ENABLE_MODULES = YES;
				CLANG_ENABLE_OBJC_ARC = YES;
				CLANG_ENABLE_OBJC_WEAK = YES;
				CLANG_WARN_BLOCK_CAPTURE_AUTORELEASING = YES;
				CLANG_WARN_BOOL_CONVERSION = YES;
				CLANG_WARN_COMMA = YES;
				CLANG_WARN_CONSTANT_CONVERSION = YES;
				CLANG_WARN_DEPRECATED_OBJC_IMPLEMENTATIONS = YES;
				CLANG_WARN_DIRECT_OBJC_ISA_USAGE = YES_ERROR;
				CLANG_WARN_DOCUMENTATION_COMMENTS = YES;
				CLANG_WARN_EMPTY_BODY = YES;
				CLANG_WARN_ENUM_CONVERSION = YES;
				CLANG_WARN_INFINITE_RECURSION = YES;
				CLANG_WARN_INT_CONVERSION = YES;
				CLANG_WARN_NON_LITERAL_NULL_CONVERSION = YES;
				CLANG_WARN_OBJC_IMPLICIT_RETAIN_SELF = YES;
				CLANG_WARN_OBJC_LITERAL_CONVERSION = YES;
				CLANG_WARN_OBJC_ROOT_CLASS = YES_ERROR;
				CLANG_WARN_RANGE_LOOP_ANALYSIS = YES;
				CLANG_WARN_STRICT_PROTOTYPES = YES;
				CLANG_WARN_SUSPICIOUS_MOVE = YES;
				CLANG_WARN_UNGUARDED_AVAILABILITY = YES_AGGRESSIVE;
				CLANG_WARN_UNREACHABLE_CODE = YES;
				CLANG_WARN__DUPLICATE_METHOD_MATCH = YES;
				COPY_PHASE_STRIP = NO;
				DEBUG_INFORMATION_FORMAT = "dwarf-with-dsym";
				ENABLE_NS_ASSERTIONS = NO;
				ENABLE_STRICT_OBJC_MSGSEND = YES;
				GCC_C_LANGUAGE_STANDARD = gnu11;
				GCC_NO_COMMON_BLOCKS = YES;
				GCC_WARN_64_TO_32_BIT_CONVERSION = YES;
				GCC_WARN_ABOUT_RETURN_TYPE = YES_ERROR;
				GCC_WARN_UNDECLARED_SELECTOR = YES;
				GCC_WARN_UNINITIALIZED_AUTOS = YES_AGGRESSIVE;
				GCC_WARN_UNUSED_FUNCTION = YES;
				GCC_WARN_UNUSED_VARIABLE = YES;
				IPHONEOS_DEPLOYMENT_TARGET = 13.7;
				MTL_ENABLE_DEBUG_INFO = NO;
				MTL_FAST_MATH = YES;
				SDKROOT = iphoneos;
				SWIFT_COMPILATION_MODE = wholemodule;
				SWIFT_OPTIMIZATION_LEVEL = "-O";
				VALIDATE_PRODUCT = YES;
			};
			name = Release;
		};
		30A931B625050B110098D51D /* Debug */ = {
			isa = XCBuildConfiguration;
			buildSettings = {
				ASSETCATALOG_COMPILER_APPICON_NAME = AppIcon;
				CODE_SIGN_STYLE = Automatic;
				DEVELOPMENT_TEAM = UM9B77K58H;
				INFOPLIST_FILE = CleanWeather/Info.plist;
				LD_RUNPATH_SEARCH_PATHS = (
					"$(inherited)",
					"@executable_path/Frameworks",
				);
				PRODUCT_BUNDLE_IDENTIFIER = com.semenov.CleanWeather;
				PRODUCT_NAME = "$(TARGET_NAME)";
				SWIFT_VERSION = 5.0;
				TARGETED_DEVICE_FAMILY = "1,2";
			};
			name = Debug;
		};
		30A931B725050B110098D51D /* Release */ = {
			isa = XCBuildConfiguration;
			buildSettings = {
				ASSETCATALOG_COMPILER_APPICON_NAME = AppIcon;
				CODE_SIGN_STYLE = Automatic;
				DEVELOPMENT_TEAM = UM9B77K58H;
				INFOPLIST_FILE = CleanWeather/Info.plist;
				LD_RUNPATH_SEARCH_PATHS = (
					"$(inherited)",
					"@executable_path/Frameworks",
				);
				PRODUCT_BUNDLE_IDENTIFIER = com.semenov.CleanWeather;
				PRODUCT_NAME = "$(TARGET_NAME)";
				SWIFT_VERSION = 5.0;
				TARGETED_DEVICE_FAMILY = "1,2";
			};
			name = Release;
		};
		30BF29E92510D1EE0080E187 /* Debug */ = {
			isa = XCBuildConfiguration;
			buildSettings = {
				BUNDLE_LOADER = "$(TEST_HOST)";
				CODE_SIGN_STYLE = Automatic;
				INFOPLIST_FILE = ListWeathersViewControllerTests/Info.plist;
				LD_RUNPATH_SEARCH_PATHS = (
					"$(inherited)",
					"@executable_path/Frameworks",
					"@loader_path/Frameworks",
				);
				PRODUCT_BUNDLE_IDENTIFIER = com.semenov.ListWeathersViewControllerTests;
				PRODUCT_NAME = "$(TARGET_NAME)";
				SWIFT_VERSION = 5.0;
				TARGETED_DEVICE_FAMILY = "1,2";
				TEST_HOST = "$(BUILT_PRODUCTS_DIR)/CleanWeather.app/CleanWeather";
			};
			name = Debug;
		};
		30BF29EA2510D1EE0080E187 /* Release */ = {
			isa = XCBuildConfiguration;
			buildSettings = {
				BUNDLE_LOADER = "$(TEST_HOST)";
				CODE_SIGN_STYLE = Automatic;
				INFOPLIST_FILE = ListWeathersViewControllerTests/Info.plist;
				LD_RUNPATH_SEARCH_PATHS = (
					"$(inherited)",
					"@executable_path/Frameworks",
					"@loader_path/Frameworks",
				);
				PRODUCT_BUNDLE_IDENTIFIER = com.semenov.ListWeathersViewControllerTests;
				PRODUCT_NAME = "$(TARGET_NAME)";
				SWIFT_VERSION = 5.0;
				TARGETED_DEVICE_FAMILY = "1,2";
				TEST_HOST = "$(BUILT_PRODUCTS_DIR)/CleanWeather.app/CleanWeather";
			};
			name = Release;
		};
		30BF2A052510D27A0080E187 /* Debug */ = {
			isa = XCBuildConfiguration;
			buildSettings = {
				BUNDLE_LOADER = "$(TEST_HOST)";
				CODE_SIGN_STYLE = Automatic;
				INFOPLIST_FILE = ListWeathersInteractoTest/Info.plist;
				LD_RUNPATH_SEARCH_PATHS = (
					"$(inherited)",
					"@executable_path/Frameworks",
					"@loader_path/Frameworks",
				);
				PRODUCT_BUNDLE_IDENTIFIER = com.semenov.ListWeathersInteractoTest;
				PRODUCT_NAME = "$(TARGET_NAME)";
				SWIFT_VERSION = 5.0;
				TARGETED_DEVICE_FAMILY = "1,2";
				TEST_HOST = "$(BUILT_PRODUCTS_DIR)/CleanWeather.app/CleanWeather";
			};
			name = Debug;
		};
		30BF2A062510D27A0080E187 /* Release */ = {
			isa = XCBuildConfiguration;
			buildSettings = {
				BUNDLE_LOADER = "$(TEST_HOST)";
				CODE_SIGN_STYLE = Automatic;
				INFOPLIST_FILE = ListWeathersInteractoTest/Info.plist;
				LD_RUNPATH_SEARCH_PATHS = (
					"$(inherited)",
					"@executable_path/Frameworks",
					"@loader_path/Frameworks",
				);
				PRODUCT_BUNDLE_IDENTIFIER = com.semenov.ListWeathersInteractoTest;
				PRODUCT_NAME = "$(TARGET_NAME)";
				SWIFT_VERSION = 5.0;
				TARGETED_DEVICE_FAMILY = "1,2";
				TEST_HOST = "$(BUILT_PRODUCTS_DIR)/CleanWeather.app/CleanWeather";
			};
			name = Release;
		};
		30BF2A132510F0B60080E187 /* Debug */ = {
			isa = XCBuildConfiguration;
			buildSettings = {
				BUNDLE_LOADER = "$(TEST_HOST)";
				CODE_SIGN_STYLE = Automatic;
				INFOPLIST_FILE = ListWeathersPresenterTests/Info.plist;
				LD_RUNPATH_SEARCH_PATHS = (
					"$(inherited)",
					"@executable_path/Frameworks",
					"@loader_path/Frameworks",
				);
				PRODUCT_BUNDLE_IDENTIFIER = com.semenov.ListWeathersPresenterTests;
				PRODUCT_NAME = "$(TARGET_NAME)";
				SWIFT_VERSION = 5.0;
				TARGETED_DEVICE_FAMILY = "1,2";
				TEST_HOST = "$(BUILT_PRODUCTS_DIR)/CleanWeather.app/CleanWeather";
			};
			name = Debug;
		};
		30BF2A142510F0B60080E187 /* Release */ = {
			isa = XCBuildConfiguration;
			buildSettings = {
				BUNDLE_LOADER = "$(TEST_HOST)";
				CODE_SIGN_STYLE = Automatic;
				INFOPLIST_FILE = ListWeathersPresenterTests/Info.plist;
				LD_RUNPATH_SEARCH_PATHS = (
					"$(inherited)",
					"@executable_path/Frameworks",
					"@loader_path/Frameworks",
				);
				PRODUCT_BUNDLE_IDENTIFIER = com.semenov.ListWeathersPresenterTests;
				PRODUCT_NAME = "$(TARGET_NAME)";
				SWIFT_VERSION = 5.0;
				TARGETED_DEVICE_FAMILY = "1,2";
				TEST_HOST = "$(BUILT_PRODUCTS_DIR)/CleanWeather.app/CleanWeather";
			};
			name = Release;
		};
/* End XCBuildConfiguration section */

/* Begin XCConfigurationList section */
		3063884A25110A14004BED81 /* Build configuration list for PBXNativeTarget "CoreDataTest" */ = {
			isa = XCConfigurationList;
			buildConfigurations = (
				3063884825110A14004BED81 /* Debug */,
				3063884925110A14004BED81 /* Release */,
			);
			defaultConfigurationIsVisible = 0;
			defaultConfigurationName = Release;
		};
		3098D344250FC03F00F9D37C /* Build configuration list for PBXNativeTarget "CleanWeatherTests" */ = {
			isa = XCConfigurationList;
			buildConfigurations = (
				3098D342250FC03F00F9D37C /* Debug */,
				3098D343250FC03F00F9D37C /* Release */,
			);
			defaultConfigurationIsVisible = 0;
			defaultConfigurationName = Release;
		};
		3098D358250FD90600F9D37C /* Build configuration list for PBXNativeTarget "NetworkTests" */ = {
			isa = XCConfigurationList;
			buildConfigurations = (
				3098D359250FD90600F9D37C /* Debug */,
				3098D35A250FD90600F9D37C /* Release */,
			);
			defaultConfigurationIsVisible = 0;
			defaultConfigurationName = Release;
		};
		30A9319925050B0F0098D51D /* Build configuration list for PBXProject "CleanWeather" */ = {
			isa = XCConfigurationList;
			buildConfigurations = (
				30A931B325050B110098D51D /* Debug */,
				30A931B425050B110098D51D /* Release */,
			);
			defaultConfigurationIsVisible = 0;
			defaultConfigurationName = Release;
		};
		30A931B525050B110098D51D /* Build configuration list for PBXNativeTarget "CleanWeather" */ = {
			isa = XCConfigurationList;
			buildConfigurations = (
				30A931B625050B110098D51D /* Debug */,
				30A931B725050B110098D51D /* Release */,
			);
			defaultConfigurationIsVisible = 0;
			defaultConfigurationName = Release;
		};
		30BF29E82510D1EE0080E187 /* Build configuration list for PBXNativeTarget "ListWeathersViewControllerTests" */ = {
			isa = XCConfigurationList;
			buildConfigurations = (
				30BF29E92510D1EE0080E187 /* Debug */,
				30BF29EA2510D1EE0080E187 /* Release */,
			);
			defaultConfigurationIsVisible = 0;
			defaultConfigurationName = Release;
		};
		30BF2A042510D27A0080E187 /* Build configuration list for PBXNativeTarget "ListWeathersInteractoTest" */ = {
			isa = XCConfigurationList;
			buildConfigurations = (
				30BF2A052510D27A0080E187 /* Debug */,
				30BF2A062510D27A0080E187 /* Release */,
			);
			defaultConfigurationIsVisible = 0;
			defaultConfigurationName = Release;
		};
		30BF2A122510F0B60080E187 /* Build configuration list for PBXNativeTarget "ListWeathersPresenterTests" */ = {
			isa = XCConfigurationList;
			buildConfigurations = (
				30BF2A132510F0B60080E187 /* Debug */,
				30BF2A142510F0B60080E187 /* Release */,
			);
			defaultConfigurationIsVisible = 0;
			defaultConfigurationName = Release;
		};
/* End XCConfigurationList section */

/* Begin XCVersionGroup section */
		30A931AA25050B0F0098D51D /* CleanWeather.xcdatamodeld */ = {
			isa = XCVersionGroup;
			children = (
				30A931AB25050B0F0098D51D /* CleanWeather.xcdatamodel */,
			);
			currentVersion = 30A931AB25050B0F0098D51D /* CleanWeather.xcdatamodel */;
			path = CleanWeather.xcdatamodeld;
			sourceTree = "<group>";
			versionGroupType = wrapper.xcdatamodel;
		};
/* End XCVersionGroup section */
	};
	rootObject = 30A9319625050B0F0098D51D /* Project object */;
}
